// !$*UTF8*$!
{
	archiveVersion = 1;
	classes = {
	};
	objectVersion = 51;
	objects = {

/* Begin PBXBuildFile section */
		002E09BB221686D900252764 /* tableProfileCell.swift in Sources */ = {isa = PBXBuildFile; fileRef = 002E09AA221686D900252764 /* tableProfileCell.swift */; };
		002E09BE221686D900252764 /* tableFoodCell.swift in Sources */ = {isa = PBXBuildFile; fileRef = 002E09AF221686D900252764 /* tableFoodCell.swift */; };
		003777862217EAA1003D233A /* FoodDetailVC.swift in Sources */ = {isa = PBXBuildFile; fileRef = 003777852217EAA1003D233A /* FoodDetailVC.swift */; };
		004473D822129139004C98C9 /* Design.swift in Sources */ = {isa = PBXBuildFile; fileRef = 004473D122129139004C98C9 /* Design.swift */; };
		004473D922129139004C98C9 /* DesignableView.swift in Sources */ = {isa = PBXBuildFile; fileRef = 004473D722129139004C98C9 /* DesignableView.swift */; };
		004473DB22129448004C98C9 /* SettingsVC.swift in Sources */ = {isa = PBXBuildFile; fileRef = 004473DA22129448004C98C9 /* SettingsVC.swift */; };
		004473DD2212945D004C98C9 /* EditProfileVC.swift in Sources */ = {isa = PBXBuildFile; fileRef = 004473DC2212945D004C98C9 /* EditProfileVC.swift */; };
		004473DF2212946D004C98C9 /* ChangePasswordVC.swift in Sources */ = {isa = PBXBuildFile; fileRef = 004473DE2212946D004C98C9 /* ChangePasswordVC.swift */; };
		004473E12212950E004C98C9 /* PrivacyPolicyVC.swift in Sources */ = {isa = PBXBuildFile; fileRef = 004473E02212950E004C98C9 /* PrivacyPolicyVC.swift */; };
		004473FF221296E8004C98C9 /* Date+Extensions.swift in Sources */ = {isa = PBXBuildFile; fileRef = 004473EA221296E8004C98C9 /* Date+Extensions.swift */; };
		00447403221296E8004C98C9 /* Optional+Extensions.swift in Sources */ = {isa = PBXBuildFile; fileRef = 004473EE221296E8004C98C9 /* Optional+Extensions.swift */; };
		00447404221296E8004C98C9 /* String+Extensions.swift in Sources */ = {isa = PBXBuildFile; fileRef = 004473EF221296E8004C98C9 /* String+Extensions.swift */; };
		00447409221296E8004C98C9 /* UILable+Extensions.swift in Sources */ = {isa = PBXBuildFile; fileRef = 004473F4221296E8004C98C9 /* UILable+Extensions.swift */; };
		0044740C221296E8004C98C9 /* UITextField+Extensions.swift in Sources */ = {isa = PBXBuildFile; fileRef = 004473F7221296E8004C98C9 /* UITextField+Extensions.swift */; };
		00447410221296E8004C98C9 /* UIView+ReusableIdentifier.swift in Sources */ = {isa = PBXBuildFile; fileRef = 004473FB221296E8004C98C9 /* UIView+ReusableIdentifier.swift */; };
		00447411221296E8004C98C9 /* UIViewController+Extensions.swift in Sources */ = {isa = PBXBuildFile; fileRef = 004473FC221296E8004C98C9 /* UIViewController+Extensions.swift */; };
		00447412221296E8004C98C9 /* UserDefaults+Extensions.swift in Sources */ = {isa = PBXBuildFile; fileRef = 004473FD221296E8004C98C9 /* UserDefaults+Extensions.swift */; };
		00452B0B221AD6EA008075DC /* WSProduct.swift in Sources */ = {isa = PBXBuildFile; fileRef = 00452B05221AD6E9008075DC /* WSProduct.swift */; };
		0069BA612213E651008DD907 /* HttpRequestManager.swift in Sources */ = {isa = PBXBuildFile; fileRef = 0069BA542213E650008DD907 /* HttpRequestManager.swift */; };
		0069BA622213E651008DD907 /* WebService-Prefix.swift in Sources */ = {isa = PBXBuildFile; fileRef = 0069BA552213E650008DD907 /* WebService-Prefix.swift */; };
		0069BA632213E651008DD907 /* WebServicesCollection.swift in Sources */ = {isa = PBXBuildFile; fileRef = 0069BA562213E650008DD907 /* WebServicesCollection.swift */; };
		0069BA7A2213F11B008DD907 /* WSUser.swift in Sources */ = {isa = PBXBuildFile; fileRef = 0069BA792213F11B008DD907 /* WSUser.swift */; };
		0069BA852214184A008DD907 /* SecurityHandler.swift in Sources */ = {isa = PBXBuildFile; fileRef = 0069BA842214184A008DD907 /* SecurityHandler.swift */; };
		0069BA8C22141899008DD907 /* FBEncryptorAES.m in Sources */ = {isa = PBXBuildFile; fileRef = 0069BA8822141899008DD907 /* FBEncryptorAES.m */; };
		0069BA8D22141899008DD907 /* NSData+Base64.m in Sources */ = {isa = PBXBuildFile; fileRef = 0069BA8A22141899008DD907 /* NSData+Base64.m */; };
		0069BA9022141B4F008DD907 /* NotificationBannerSwiftHandler.swift in Sources */ = {isa = PBXBuildFile; fileRef = 0069BA8F22141B4F008DD907 /* NotificationBannerSwiftHandler.swift */; };
		009DF4422215762000472450 /* JSON+Extensions.swift in Sources */ = {isa = PBXBuildFile; fileRef = 009DF4402215762000472450 /* JSON+Extensions.swift */; };
		00F49D4E220C05960053829D /* FoodScan.xcdatamodeld in Sources */ = {isa = PBXBuildFile; fileRef = 00F49D4C220C05960053829D /* FoodScan.xcdatamodeld */; };
		00F49D50220C059E0053829D /* Assets.xcassets in Resources */ = {isa = PBXBuildFile; fileRef = 00F49D4F220C059E0053829D /* Assets.xcassets */; };
		00F49D7E220C0C6F0053829D /* LaunchScreen.storyboard in Resources */ = {isa = PBXBuildFile; fileRef = 00F49D77220C0C6F0053829D /* LaunchScreen.storyboard */; };
		00F49D7F220C0C6F0053829D /* Main.storyboard in Resources */ = {isa = PBXBuildFile; fileRef = 00F49D79220C0C6F0053829D /* Main.storyboard */; };
		00F49D83220C0FCA0053829D /* Login.storyboard in Resources */ = {isa = PBXBuildFile; fileRef = 00F49D81220C0FCA0053829D /* Login.storyboard */; };
		00F49D86220C0FF80053829D /* Settings.storyboard in Resources */ = {isa = PBXBuildFile; fileRef = 00F49D84220C0FF80053829D /* Settings.storyboard */; };
		00F49D8C220C109E0053829D /* HomeTabVC.swift in Sources */ = {isa = PBXBuildFile; fileRef = 00F49D8B220C109E0053829D /* HomeTabVC.swift */; };
		00F49D8F220C11170053829D /* AppDelegate.swift in Sources */ = {isa = PBXBuildFile; fileRef = 00F49D8E220C11170053829D /* AppDelegate.swift */; };
		00F49E7D220C11310053829D /* Constants.swift in Sources */ = {isa = PBXBuildFile; fileRef = 00F49E13220C11310053829D /* Constants.swift */; };
		00F49E7F220C11310053829D /* StoryboardDetails.swift in Sources */ = {isa = PBXBuildFile; fileRef = 00F49E15220C11310053829D /* StoryboardDetails.swift */; };
		00F49E80220C11310053829D /* Utils.swift in Sources */ = {isa = PBXBuildFile; fileRef = 00F49E16220C11310053829D /* Utils.swift */; };
		00F49E82220C28F90053829D /* LoginVC.swift in Sources */ = {isa = PBXBuildFile; fileRef = 00F49E81220C28F90053829D /* LoginVC.swift */; };
		00F49E84220C29280053829D /* RegistrationVC.swift in Sources */ = {isa = PBXBuildFile; fileRef = 00F49E83220C29280053829D /* RegistrationVC.swift */; };
		00F49E86220C293C0053829D /* ForgotPasswordVC.swift in Sources */ = {isa = PBXBuildFile; fileRef = 00F49E85220C293C0053829D /* ForgotPasswordVC.swift */; };
		00F49E88220C295A0053829D /* WelComeVC.swift in Sources */ = {isa = PBXBuildFile; fileRef = 00F49E87220C295A0053829D /* WelComeVC.swift */; };
		00F49E8A220C3CCA0053829D /* HistoryVC.swift in Sources */ = {isa = PBXBuildFile; fileRef = 00F49E89220C3CCA0053829D /* HistoryVC.swift */; };
		00F49E8E220C3CF80053829D /* ProfileVC.swift in Sources */ = {isa = PBXBuildFile; fileRef = 00F49E8D220C3CF80053829D /* ProfileVC.swift */; };
		00F49E91220C42C60053829D /* aribl_bold.ttf in Resources */ = {isa = PBXBuildFile; fileRef = 00F49E8F220C42C60053829D /* aribl_bold.ttf */; };
		00F49E92220C42C60053829D /* arial.ttf in Resources */ = {isa = PBXBuildFile; fileRef = 00F49E90220C42C60053829D /* arial.ttf */; };
		5B191D182268464100E1DF1F /* VideoCapture.swift in Sources */ = {isa = PBXBuildFile; fileRef = 5B191D162268464100E1DF1F /* VideoCapture.swift */; };
		5B191D192268464100E1DF1F /* DrawingView.swift in Sources */ = {isa = PBXBuildFile; fileRef = 5B191D172268464100E1DF1F /* DrawingView.swift */; };
		5B31570C2236395600EC0674 /* ScanProductVC.swift in Sources */ = {isa = PBXBuildFile; fileRef = 5B3157062236395600EC0674 /* ScanProductVC.swift */; };
		5B4EC0C82239369D0036F2F9 /* CoreImage.framework in Frameworks */ = {isa = PBXBuildFile; fileRef = 00EF9BB7220DB1FE009434D3 /* CoreImage.framework */; };
		5B4EC0DC223939E90036F2F9 /* Preview.swift in Sources */ = {isa = PBXBuildFile; fileRef = 5B4EC0DB223939E90036F2F9 /* Preview.swift */; };
		5B63EC7E2296729700E59FE7 /* isErrorIcon.png in Resources */ = {isa = PBXBuildFile; fileRef = 5B63EC6F2296729700E59FE7 /* isErrorIcon.png */; };
		5B63EC7F2296729700E59FE7 /* isErrorIcon@2x.png in Resources */ = {isa = PBXBuildFile; fileRef = 5B63EC702296729700E59FE7 /* isErrorIcon@2x.png */; };
		5B63EC802296729700E59FE7 /* isErrorIcon@3x.png in Resources */ = {isa = PBXBuildFile; fileRef = 5B63EC712296729700E59FE7 /* isErrorIcon@3x.png */; };
		5B63EC812296729700E59FE7 /* isInfoIcon.png in Resources */ = {isa = PBXBuildFile; fileRef = 5B63EC722296729700E59FE7 /* isInfoIcon.png */; };
		5B63EC822296729700E59FE7 /* isInfoIcon@2x.png in Resources */ = {isa = PBXBuildFile; fileRef = 5B63EC732296729700E59FE7 /* isInfoIcon@2x.png */; };
		5B63EC832296729700E59FE7 /* isInfoIcon@3x.png in Resources */ = {isa = PBXBuildFile; fileRef = 5B63EC742296729700E59FE7 /* isInfoIcon@3x.png */; };
		5B63EC842296729700E59FE7 /* isSuccessIcon.png in Resources */ = {isa = PBXBuildFile; fileRef = 5B63EC752296729700E59FE7 /* isSuccessIcon.png */; };
		5B63EC852296729700E59FE7 /* isSuccessIcon@2x.png in Resources */ = {isa = PBXBuildFile; fileRef = 5B63EC762296729700E59FE7 /* isSuccessIcon@2x.png */; };
		5B63EC862296729700E59FE7 /* isSuccessIcon@3x.png in Resources */ = {isa = PBXBuildFile; fileRef = 5B63EC772296729700E59FE7 /* isSuccessIcon@3x.png */; };
		5B63EC872296729700E59FE7 /* isWarningIcon.png in Resources */ = {isa = PBXBuildFile; fileRef = 5B63EC782296729700E59FE7 /* isWarningIcon.png */; };
		5B63EC882296729700E59FE7 /* isWarningIcon@2x.png in Resources */ = {isa = PBXBuildFile; fileRef = 5B63EC792296729700E59FE7 /* isWarningIcon@2x.png */; };
		5B63EC892296729700E59FE7 /* isWarningIcon@3x.png in Resources */ = {isa = PBXBuildFile; fileRef = 5B63EC7A2296729700E59FE7 /* isWarningIcon@3x.png */; };
		5B63EC8A2296729700E59FE7 /* ISMessages.m in Sources */ = {isa = PBXBuildFile; fileRef = 5B63EC7D2296729700E59FE7 /* ISMessages.m */; };
		5BC8819B223B782A009CB316 /* ViewProductPopUpVC.swift in Sources */ = {isa = PBXBuildFile; fileRef = 5BC8819A223B782A009CB316 /* ViewProductPopUpVC.swift */; };
		5BD70CF5223A2954006A2FED /* Pods_FoodScan.framework in Frameworks */ = {isa = PBXBuildFile; fileRef = 05DC2638BAE3C9295B5EE7F9 /* Pods_FoodScan.framework */; };
		5BD70D2A223A34CE006A2FED /* libz.tbd in Frameworks */ = {isa = PBXBuildFile; fileRef = 5BD70D29223A34CE006A2FED /* libz.tbd */; };
		5BD70D90223A5AE4006A2FED /* tessdata in Resources */ = {isa = PBXBuildFile; fileRef = 5BD70D8F223A5AE4006A2FED /* tessdata */; };
		61846A2D52474EADAE441785 /* Pods_FoodScanUITests.framework in Frameworks */ = {isa = PBXBuildFile; fileRef = A6437C1DDDE7C43328928100 /* Pods_FoodScanUITests.framework */; };
		62DF5F6CF0F46806D747BE2B /* Pods_FoodScanTests.framework in Frameworks */ = {isa = PBXBuildFile; fileRef = 7DB3CAEA3AC246C91EACCAE3 /* Pods_FoodScanTests.framework */; };
		8429E29B244D7A960064CDCE /* SelectCountryVC.swift in Sources */ = {isa = PBXBuildFile; fileRef = 8429E29A244D7A960064CDCE /* SelectCountryVC.swift */; };
		8429E2A3244D94170064CDCE /* tableCountryCell.swift in Sources */ = {isa = PBXBuildFile; fileRef = 8429E2A1244D94170064CDCE /* tableCountryCell.swift */; };
		8429E2A4244D94170064CDCE /* tableCountryCell.xib in Resources */ = {isa = PBXBuildFile; fileRef = 8429E2A2244D94170064CDCE /* tableCountryCell.xib */; };
		F53CBEC4236D75BB00EF990C /* tableUserReviewCell.swift in Sources */ = {isa = PBXBuildFile; fileRef = F53CBEC2236D75BB00EF990C /* tableUserReviewCell.swift */; };
		F53CBEC5236D75BB00EF990C /* tableUserReviewCell.xib in Resources */ = {isa = PBXBuildFile; fileRef = F53CBEC3236D75BB00EF990C /* tableUserReviewCell.xib */; };
		F55B2F3023FC12BC001710EE /* UIView+Nib.swift in Sources */ = {isa = PBXBuildFile; fileRef = F55B2F2F23FC12BC001710EE /* UIView+Nib.swift */; };
		F580722A236BF216007343A1 /* tableCustomerReviewCell.swift in Sources */ = {isa = PBXBuildFile; fileRef = F5807228236BF216007343A1 /* tableCustomerReviewCell.swift */; };
		F580722B236BF216007343A1 /* tableCustomerReviewCell.xib in Resources */ = {isa = PBXBuildFile; fileRef = F5807229236BF216007343A1 /* tableCustomerReviewCell.xib */; };
		F580722F236C0B47007343A1 /* tableReviewCell.swift in Sources */ = {isa = PBXBuildFile; fileRef = F580722D236C0B47007343A1 /* tableReviewCell.swift */; };
		F5807230236C0B47007343A1 /* tableReviewCell.xib in Resources */ = {isa = PBXBuildFile; fileRef = F580722E236C0B47007343A1 /* tableReviewCell.xib */; };
		F580AD3D23728A6B003D3EE2 /* tableEditReviewCell.swift in Sources */ = {isa = PBXBuildFile; fileRef = F580AD3B23728A6B003D3EE2 /* tableEditReviewCell.swift */; };
		F580AD3E23728A6B003D3EE2 /* tableEditReviewCell.xib in Resources */ = {isa = PBXBuildFile; fileRef = F580AD3C23728A6B003D3EE2 /* tableEditReviewCell.xib */; };
		F580AD462372B8CA003D3EE2 /* UserReview.swift in Sources */ = {isa = PBXBuildFile; fileRef = F580AD432372B8C9003D3EE2 /* UserReview.swift */; };
		F580AD472372B8CA003D3EE2 /* CustomerReview.swift in Sources */ = {isa = PBXBuildFile; fileRef = F580AD442372B8CA003D3EE2 /* CustomerReview.swift */; };
		F580AD482372B8CA003D3EE2 /* WSReview.swift in Sources */ = {isa = PBXBuildFile; fileRef = F580AD452372B8CA003D3EE2 /* WSReview.swift */; };
		F5BC6EB7236C100600817310 /* AddReviewVC.swift in Sources */ = {isa = PBXBuildFile; fileRef = F5BC6EB6236C100600817310 /* AddReviewVC.swift */; };
		F5BC6EBB236C125700817310 /* tableAddReviewProductImageCell.swift in Sources */ = {isa = PBXBuildFile; fileRef = F5BC6EB9236C125700817310 /* tableAddReviewProductImageCell.swift */; };
		F5BC6EBC236C125700817310 /* tableAddReviewProductImageCell.xib in Resources */ = {isa = PBXBuildFile; fileRef = F5BC6EBA236C125700817310 /* tableAddReviewProductImageCell.xib */; };
		F5BC6EC0236C128400817310 /* tableAddReviewProductDetailsCell.swift in Sources */ = {isa = PBXBuildFile; fileRef = F5BC6EBE236C128400817310 /* tableAddReviewProductDetailsCell.swift */; };
		F5BC6EC1236C128400817310 /* tableAddReviewProductDetailsCell.xib in Resources */ = {isa = PBXBuildFile; fileRef = F5BC6EBF236C128400817310 /* tableAddReviewProductDetailsCell.xib */; };
		F5BC6EC5236C134A00817310 /* tableAddReviewTitleCell.swift in Sources */ = {isa = PBXBuildFile; fileRef = F5BC6EC3236C134900817310 /* tableAddReviewTitleCell.swift */; };
		F5BC6EC6236C134A00817310 /* tableAddReviewTitleCell.xib in Resources */ = {isa = PBXBuildFile; fileRef = F5BC6EC4236C134900817310 /* tableAddReviewTitleCell.xib */; };
		F5BC6ECA236C136800817310 /* tableAddReviewDescCell.swift in Sources */ = {isa = PBXBuildFile; fileRef = F5BC6EC8236C136800817310 /* tableAddReviewDescCell.swift */; };
		F5BC6ECB236C136800817310 /* tableAddReviewDescCell.xib in Resources */ = {isa = PBXBuildFile; fileRef = F5BC6EC9236C136800817310 /* tableAddReviewDescCell.xib */; };
		F5C1A02D2387B850000A6F7C /* GoogleService-Info.plist in Resources */ = {isa = PBXBuildFile; fileRef = F5C1A02C2387B850000A6F7C /* GoogleService-Info.plist */; };
/* End PBXBuildFile section */

/* Begin PBXContainerItemProxy section */
		00F49D5A220C059E0053829D /* PBXContainerItemProxy */ = {
			isa = PBXContainerItemProxy;
			containerPortal = 00F49D3A220C05960053829D /* Project object */;
			proxyType = 1;
			remoteGlobalIDString = 00F49D41220C05960053829D;
			remoteInfo = FoodScan;
		};
		00F49D65220C059E0053829D /* PBXContainerItemProxy */ = {
			isa = PBXContainerItemProxy;
			containerPortal = 00F49D3A220C05960053829D /* Project object */;
			proxyType = 1;
			remoteGlobalIDString = 00F49D41220C05960053829D;
			remoteInfo = FoodScan;
		};
/* End PBXContainerItemProxy section */

/* Begin PBXCopyFilesBuildPhase section */
		000A852322115C640097B022 /* Embed Frameworks */ = {
			isa = PBXCopyFilesBuildPhase;
			buildActionMask = 2147483647;
			dstPath = "";
			dstSubfolderSpec = 10;
			files = (
			);
			name = "Embed Frameworks";
			runOnlyForDeploymentPostprocessing = 0;
		};
/* End PBXCopyFilesBuildPhase section */

/* Begin PBXFileReference section */
		002E09AA221686D900252764 /* tableProfileCell.swift */ = {isa = PBXFileReference; fileEncoding = 4; lastKnownFileType = sourcecode.swift; path = tableProfileCell.swift; sourceTree = "<group>"; };
		002E09AF221686D900252764 /* tableFoodCell.swift */ = {isa = PBXFileReference; fileEncoding = 4; lastKnownFileType = sourcecode.swift; path = tableFoodCell.swift; sourceTree = "<group>"; };
		003777852217EAA1003D233A /* FoodDetailVC.swift */ = {isa = PBXFileReference; lastKnownFileType = sourcecode.swift; path = FoodDetailVC.swift; sourceTree = "<group>"; };
		004473D122129139004C98C9 /* Design.swift */ = {isa = PBXFileReference; fileEncoding = 4; lastKnownFileType = sourcecode.swift; path = Design.swift; sourceTree = "<group>"; };
		004473D722129139004C98C9 /* DesignableView.swift */ = {isa = PBXFileReference; fileEncoding = 4; lastKnownFileType = sourcecode.swift; path = DesignableView.swift; sourceTree = "<group>"; };
		004473DA22129448004C98C9 /* SettingsVC.swift */ = {isa = PBXFileReference; lastKnownFileType = sourcecode.swift; path = SettingsVC.swift; sourceTree = "<group>"; };
		004473DC2212945D004C98C9 /* EditProfileVC.swift */ = {isa = PBXFileReference; lastKnownFileType = sourcecode.swift; path = EditProfileVC.swift; sourceTree = "<group>"; };
		004473DE2212946D004C98C9 /* ChangePasswordVC.swift */ = {isa = PBXFileReference; lastKnownFileType = sourcecode.swift; path = ChangePasswordVC.swift; sourceTree = "<group>"; };
		004473E02212950E004C98C9 /* PrivacyPolicyVC.swift */ = {isa = PBXFileReference; lastKnownFileType = sourcecode.swift; path = PrivacyPolicyVC.swift; sourceTree = "<group>"; };
		004473EA221296E8004C98C9 /* Date+Extensions.swift */ = {isa = PBXFileReference; fileEncoding = 4; lastKnownFileType = sourcecode.swift; path = "Date+Extensions.swift"; sourceTree = "<group>"; };
		004473EE221296E8004C98C9 /* Optional+Extensions.swift */ = {isa = PBXFileReference; fileEncoding = 4; lastKnownFileType = sourcecode.swift; path = "Optional+Extensions.swift"; sourceTree = "<group>"; };
		004473EF221296E8004C98C9 /* String+Extensions.swift */ = {isa = PBXFileReference; fileEncoding = 4; lastKnownFileType = sourcecode.swift; path = "String+Extensions.swift"; sourceTree = "<group>"; };
		004473F4221296E8004C98C9 /* UILable+Extensions.swift */ = {isa = PBXFileReference; fileEncoding = 4; lastKnownFileType = sourcecode.swift; path = "UILable+Extensions.swift"; sourceTree = "<group>"; };
		004473F7221296E8004C98C9 /* UITextField+Extensions.swift */ = {isa = PBXFileReference; fileEncoding = 4; lastKnownFileType = sourcecode.swift; path = "UITextField+Extensions.swift"; sourceTree = "<group>"; };
		004473FB221296E8004C98C9 /* UIView+ReusableIdentifier.swift */ = {isa = PBXFileReference; fileEncoding = 4; lastKnownFileType = sourcecode.swift; path = "UIView+ReusableIdentifier.swift"; sourceTree = "<group>"; };
		004473FC221296E8004C98C9 /* UIViewController+Extensions.swift */ = {isa = PBXFileReference; fileEncoding = 4; lastKnownFileType = sourcecode.swift; path = "UIViewController+Extensions.swift"; sourceTree = "<group>"; };
		004473FD221296E8004C98C9 /* UserDefaults+Extensions.swift */ = {isa = PBXFileReference; fileEncoding = 4; lastKnownFileType = sourcecode.swift; path = "UserDefaults+Extensions.swift"; sourceTree = "<group>"; };
		00452B05221AD6E9008075DC /* WSProduct.swift */ = {isa = PBXFileReference; fileEncoding = 4; lastKnownFileType = sourcecode.swift; path = WSProduct.swift; sourceTree = "<group>"; };
		0069BA542213E650008DD907 /* HttpRequestManager.swift */ = {isa = PBXFileReference; fileEncoding = 4; lastKnownFileType = sourcecode.swift; path = HttpRequestManager.swift; sourceTree = "<group>"; };
		0069BA552213E650008DD907 /* WebService-Prefix.swift */ = {isa = PBXFileReference; fileEncoding = 4; lastKnownFileType = sourcecode.swift; path = "WebService-Prefix.swift"; sourceTree = "<group>"; };
		0069BA562213E650008DD907 /* WebServicesCollection.swift */ = {isa = PBXFileReference; fileEncoding = 4; lastKnownFileType = sourcecode.swift; path = WebServicesCollection.swift; sourceTree = "<group>"; };
		0069BA792213F11B008DD907 /* WSUser.swift */ = {isa = PBXFileReference; lastKnownFileType = sourcecode.swift; path = WSUser.swift; sourceTree = "<group>"; };
		0069BA842214184A008DD907 /* SecurityHandler.swift */ = {isa = PBXFileReference; fileEncoding = 4; lastKnownFileType = sourcecode.swift; path = SecurityHandler.swift; sourceTree = "<group>"; };
		0069BA8722141899008DD907 /* FBEncryptorAES.h */ = {isa = PBXFileReference; fileEncoding = 4; lastKnownFileType = sourcecode.c.h; path = FBEncryptorAES.h; sourceTree = "<group>"; };
		0069BA8822141899008DD907 /* FBEncryptorAES.m */ = {isa = PBXFileReference; fileEncoding = 4; lastKnownFileType = sourcecode.c.objc; path = FBEncryptorAES.m; sourceTree = "<group>"; };
		0069BA8922141899008DD907 /* NSData+Base64.h */ = {isa = PBXFileReference; fileEncoding = 4; lastKnownFileType = sourcecode.c.h; path = "NSData+Base64.h"; sourceTree = "<group>"; };
		0069BA8A22141899008DD907 /* NSData+Base64.m */ = {isa = PBXFileReference; fileEncoding = 4; lastKnownFileType = sourcecode.c.objc; path = "NSData+Base64.m"; sourceTree = "<group>"; };
		0069BA8B22141899008DD907 /* Foodscan-Bridging-Header.h */ = {isa = PBXFileReference; fileEncoding = 4; lastKnownFileType = sourcecode.c.h; path = "Foodscan-Bridging-Header.h"; sourceTree = "<group>"; };
		0069BA8F22141B4F008DD907 /* NotificationBannerSwiftHandler.swift */ = {isa = PBXFileReference; fileEncoding = 4; lastKnownFileType = sourcecode.swift; path = NotificationBannerSwiftHandler.swift; sourceTree = "<group>"; };
		009DF4402215762000472450 /* JSON+Extensions.swift */ = {isa = PBXFileReference; fileEncoding = 4; lastKnownFileType = sourcecode.swift; path = "JSON+Extensions.swift"; sourceTree = "<group>"; };
		00EF9BB7220DB1FE009434D3 /* CoreImage.framework */ = {isa = PBXFileReference; lastKnownFileType = wrapper.framework; name = CoreImage.framework; path = System/Library/Frameworks/CoreImage.framework; sourceTree = SDKROOT; };
		00F49D42220C05960053829D /* FoodScan.app */ = {isa = PBXFileReference; explicitFileType = wrapper.application; includeInIndex = 0; path = FoodScan.app; sourceTree = BUILT_PRODUCTS_DIR; };
		00F49D4D220C05960053829D /* FoodScan.xcdatamodel */ = {isa = PBXFileReference; lastKnownFileType = wrapper.xcdatamodel; path = FoodScan.xcdatamodel; sourceTree = "<group>"; };
		00F49D4F220C059E0053829D /* Assets.xcassets */ = {isa = PBXFileReference; lastKnownFileType = folder.assetcatalog; path = Assets.xcassets; sourceTree = "<group>"; };
		00F49D54220C059E0053829D /* Info.plist */ = {isa = PBXFileReference; lastKnownFileType = text.plist.xml; path = Info.plist; sourceTree = "<group>"; };
		00F49D59220C059E0053829D /* FoodScanTests.xctest */ = {isa = PBXFileReference; explicitFileType = wrapper.cfbundle; includeInIndex = 0; path = FoodScanTests.xctest; sourceTree = BUILT_PRODUCTS_DIR; };
		00F49D64220C059E0053829D /* FoodScanUITests.xctest */ = {isa = PBXFileReference; explicitFileType = wrapper.cfbundle; includeInIndex = 0; path = FoodScanUITests.xctest; sourceTree = BUILT_PRODUCTS_DIR; };
		00F49D78220C0C6F0053829D /* Base */ = {isa = PBXFileReference; lastKnownFileType = file.storyboard; name = Base; path = Base.lproj/LaunchScreen.storyboard; sourceTree = "<group>"; };
		00F49D7A220C0C6F0053829D /* Base */ = {isa = PBXFileReference; lastKnownFileType = file.storyboard; name = Base; path = Base.lproj/Main.storyboard; sourceTree = "<group>"; };
		00F49D82220C0FCA0053829D /* Base */ = {isa = PBXFileReference; lastKnownFileType = file.storyboard; name = Base; path = Base.lproj/Login.storyboard; sourceTree = "<group>"; };
		00F49D85220C0FF80053829D /* Base */ = {isa = PBXFileReference; lastKnownFileType = file.storyboard; name = Base; path = Base.lproj/Settings.storyboard; sourceTree = "<group>"; };
		00F49D8B220C109E0053829D /* HomeTabVC.swift */ = {isa = PBXFileReference; fileEncoding = 4; lastKnownFileType = sourcecode.swift; path = HomeTabVC.swift; sourceTree = "<group>"; };
		00F49D8E220C11170053829D /* AppDelegate.swift */ = {isa = PBXFileReference; fileEncoding = 4; lastKnownFileType = sourcecode.swift; path = AppDelegate.swift; sourceTree = "<group>"; };
		00F49E13220C11310053829D /* Constants.swift */ = {isa = PBXFileReference; fileEncoding = 4; lastKnownFileType = sourcecode.swift; path = Constants.swift; sourceTree = "<group>"; };
		00F49E15220C11310053829D /* StoryboardDetails.swift */ = {isa = PBXFileReference; fileEncoding = 4; lastKnownFileType = sourcecode.swift; path = StoryboardDetails.swift; sourceTree = "<group>"; };
		00F49E16220C11310053829D /* Utils.swift */ = {isa = PBXFileReference; fileEncoding = 4; lastKnownFileType = sourcecode.swift; path = Utils.swift; sourceTree = "<group>"; };
		00F49E81220C28F90053829D /* LoginVC.swift */ = {isa = PBXFileReference; lastKnownFileType = sourcecode.swift; path = LoginVC.swift; sourceTree = "<group>"; };
		00F49E83220C29280053829D /* RegistrationVC.swift */ = {isa = PBXFileReference; lastKnownFileType = sourcecode.swift; path = RegistrationVC.swift; sourceTree = "<group>"; };
		00F49E85220C293C0053829D /* ForgotPasswordVC.swift */ = {isa = PBXFileReference; lastKnownFileType = sourcecode.swift; path = ForgotPasswordVC.swift; sourceTree = "<group>"; };
		00F49E87220C295A0053829D /* WelComeVC.swift */ = {isa = PBXFileReference; lastKnownFileType = sourcecode.swift; path = WelComeVC.swift; sourceTree = "<group>"; };
		00F49E89220C3CCA0053829D /* HistoryVC.swift */ = {isa = PBXFileReference; lastKnownFileType = sourcecode.swift; path = HistoryVC.swift; sourceTree = "<group>"; };
		00F49E8D220C3CF80053829D /* ProfileVC.swift */ = {isa = PBXFileReference; lastKnownFileType = sourcecode.swift; path = ProfileVC.swift; sourceTree = "<group>"; };
		00F49E8F220C42C60053829D /* aribl_bold.ttf */ = {isa = PBXFileReference; lastKnownFileType = file; path = aribl_bold.ttf; sourceTree = "<group>"; };
		00F49E90220C42C60053829D /* arial.ttf */ = {isa = PBXFileReference; lastKnownFileType = file; path = arial.ttf; sourceTree = "<group>"; };
		05DC2638BAE3C9295B5EE7F9 /* Pods_FoodScan.framework */ = {isa = PBXFileReference; explicitFileType = wrapper.framework; includeInIndex = 0; path = Pods_FoodScan.framework; sourceTree = BUILT_PRODUCTS_DIR; };
		0E036C6BCE594D37132A6222 /* Pods-FoodScanUITests.debug.xcconfig */ = {isa = PBXFileReference; includeInIndex = 1; lastKnownFileType = text.xcconfig; name = "Pods-FoodScanUITests.debug.xcconfig"; path = "Pods/Target Support Files/Pods-FoodScanUITests/Pods-FoodScanUITests.debug.xcconfig"; sourceTree = "<group>"; };
		26790217F0ED89AE686C1045 /* Pods-FoodScanTests.release.xcconfig */ = {isa = PBXFileReference; includeInIndex = 1; lastKnownFileType = text.xcconfig; name = "Pods-FoodScanTests.release.xcconfig"; path = "Pods/Target Support Files/Pods-FoodScanTests/Pods-FoodScanTests.release.xcconfig"; sourceTree = "<group>"; };
		5B191D162268464100E1DF1F /* VideoCapture.swift */ = {isa = PBXFileReference; fileEncoding = 4; lastKnownFileType = sourcecode.swift; path = VideoCapture.swift; sourceTree = "<group>"; };
		5B191D172268464100E1DF1F /* DrawingView.swift */ = {isa = PBXFileReference; fileEncoding = 4; lastKnownFileType = sourcecode.swift; path = DrawingView.swift; sourceTree = "<group>"; };
		5B3157062236395600EC0674 /* ScanProductVC.swift */ = {isa = PBXFileReference; fileEncoding = 4; lastKnownFileType = sourcecode.swift; path = ScanProductVC.swift; sourceTree = "<group>"; };
		5B4EC0DB223939E90036F2F9 /* Preview.swift */ = {isa = PBXFileReference; fileEncoding = 4; lastKnownFileType = sourcecode.swift; path = Preview.swift; sourceTree = "<group>"; };
		5B63EC6F2296729700E59FE7 /* isErrorIcon.png */ = {isa = PBXFileReference; lastKnownFileType = image.png; path = isErrorIcon.png; sourceTree = "<group>"; };
		5B63EC702296729700E59FE7 /* isErrorIcon@2x.png */ = {isa = PBXFileReference; lastKnownFileType = image.png; path = "isErrorIcon@2x.png"; sourceTree = "<group>"; };
		5B63EC712296729700E59FE7 /* isErrorIcon@3x.png */ = {isa = PBXFileReference; lastKnownFileType = image.png; path = "isErrorIcon@3x.png"; sourceTree = "<group>"; };
		5B63EC722296729700E59FE7 /* isInfoIcon.png */ = {isa = PBXFileReference; lastKnownFileType = image.png; path = isInfoIcon.png; sourceTree = "<group>"; };
		5B63EC732296729700E59FE7 /* isInfoIcon@2x.png */ = {isa = PBXFileReference; lastKnownFileType = image.png; path = "isInfoIcon@2x.png"; sourceTree = "<group>"; };
		5B63EC742296729700E59FE7 /* isInfoIcon@3x.png */ = {isa = PBXFileReference; lastKnownFileType = image.png; path = "isInfoIcon@3x.png"; sourceTree = "<group>"; };
		5B63EC752296729700E59FE7 /* isSuccessIcon.png */ = {isa = PBXFileReference; lastKnownFileType = image.png; path = isSuccessIcon.png; sourceTree = "<group>"; };
		5B63EC762296729700E59FE7 /* isSuccessIcon@2x.png */ = {isa = PBXFileReference; lastKnownFileType = image.png; path = "isSuccessIcon@2x.png"; sourceTree = "<group>"; };
		5B63EC772296729700E59FE7 /* isSuccessIcon@3x.png */ = {isa = PBXFileReference; lastKnownFileType = image.png; path = "isSuccessIcon@3x.png"; sourceTree = "<group>"; };
		5B63EC782296729700E59FE7 /* isWarningIcon.png */ = {isa = PBXFileReference; lastKnownFileType = image.png; path = isWarningIcon.png; sourceTree = "<group>"; };
		5B63EC792296729700E59FE7 /* isWarningIcon@2x.png */ = {isa = PBXFileReference; lastKnownFileType = image.png; path = "isWarningIcon@2x.png"; sourceTree = "<group>"; };
		5B63EC7A2296729700E59FE7 /* isWarningIcon@3x.png */ = {isa = PBXFileReference; lastKnownFileType = image.png; path = "isWarningIcon@3x.png"; sourceTree = "<group>"; };
		5B63EC7C2296729700E59FE7 /* ISMessages.h */ = {isa = PBXFileReference; fileEncoding = 4; lastKnownFileType = sourcecode.c.h; path = ISMessages.h; sourceTree = "<group>"; };
		5B63EC7D2296729700E59FE7 /* ISMessages.m */ = {isa = PBXFileReference; fileEncoding = 4; lastKnownFileType = sourcecode.c.objc; path = ISMessages.m; sourceTree = "<group>"; };
		5BC8819A223B782A009CB316 /* ViewProductPopUpVC.swift */ = {isa = PBXFileReference; lastKnownFileType = sourcecode.swift; path = ViewProductPopUpVC.swift; sourceTree = "<group>"; };
		5BD70D29223A34CE006A2FED /* libz.tbd */ = {isa = PBXFileReference; lastKnownFileType = "sourcecode.text-based-dylib-definition"; name = libz.tbd; path = usr/lib/libz.tbd; sourceTree = SDKROOT; };
		5BD70D8F223A5AE4006A2FED /* tessdata */ = {isa = PBXFileReference; lastKnownFileType = folder; path = tessdata; sourceTree = SOURCE_ROOT; };
		7DB3CAEA3AC246C91EACCAE3 /* Pods_FoodScanTests.framework */ = {isa = PBXFileReference; explicitFileType = wrapper.framework; includeInIndex = 0; path = Pods_FoodScanTests.framework; sourceTree = BUILT_PRODUCTS_DIR; };
		8429E29A244D7A960064CDCE /* SelectCountryVC.swift */ = {isa = PBXFileReference; lastKnownFileType = sourcecode.swift; path = SelectCountryVC.swift; sourceTree = "<group>"; };
		8429E2A1244D94170064CDCE /* tableCountryCell.swift */ = {isa = PBXFileReference; lastKnownFileType = sourcecode.swift; path = tableCountryCell.swift; sourceTree = "<group>"; };
		8429E2A2244D94170064CDCE /* tableCountryCell.xib */ = {isa = PBXFileReference; lastKnownFileType = file.xib; path = tableCountryCell.xib; sourceTree = "<group>"; };
		8C41EFA061DC36EAE37B6AA8 /* Pods-FoodScanTests.debug.xcconfig */ = {isa = PBXFileReference; includeInIndex = 1; lastKnownFileType = text.xcconfig; name = "Pods-FoodScanTests.debug.xcconfig"; path = "Pods/Target Support Files/Pods-FoodScanTests/Pods-FoodScanTests.debug.xcconfig"; sourceTree = "<group>"; };
		A6437C1DDDE7C43328928100 /* Pods_FoodScanUITests.framework */ = {isa = PBXFileReference; explicitFileType = wrapper.framework; includeInIndex = 0; path = Pods_FoodScanUITests.framework; sourceTree = BUILT_PRODUCTS_DIR; };
		AA4F320BB27267C17E50B180 /* Pods-FoodScan.release.xcconfig */ = {isa = PBXFileReference; includeInIndex = 1; lastKnownFileType = text.xcconfig; name = "Pods-FoodScan.release.xcconfig"; path = "Pods/Target Support Files/Pods-FoodScan/Pods-FoodScan.release.xcconfig"; sourceTree = "<group>"; };
		EC825949BC7F68DDFB10BA90 /* Pods-FoodScan.debug.xcconfig */ = {isa = PBXFileReference; includeInIndex = 1; lastKnownFileType = text.xcconfig; name = "Pods-FoodScan.debug.xcconfig"; path = "Pods/Target Support Files/Pods-FoodScan/Pods-FoodScan.debug.xcconfig"; sourceTree = "<group>"; };
		F53CBEC2236D75BB00EF990C /* tableUserReviewCell.swift */ = {isa = PBXFileReference; lastKnownFileType = sourcecode.swift; path = tableUserReviewCell.swift; sourceTree = "<group>"; };
		F53CBEC3236D75BB00EF990C /* tableUserReviewCell.xib */ = {isa = PBXFileReference; lastKnownFileType = file.xib; path = tableUserReviewCell.xib; sourceTree = "<group>"; };
		F55B2F2F23FC12BC001710EE /* UIView+Nib.swift */ = {isa = PBXFileReference; fileEncoding = 4; lastKnownFileType = sourcecode.swift; path = "UIView+Nib.swift"; sourceTree = "<group>"; };
		F5807228236BF216007343A1 /* tableCustomerReviewCell.swift */ = {isa = PBXFileReference; lastKnownFileType = sourcecode.swift; path = tableCustomerReviewCell.swift; sourceTree = "<group>"; };
		F5807229236BF216007343A1 /* tableCustomerReviewCell.xib */ = {isa = PBXFileReference; lastKnownFileType = file.xib; path = tableCustomerReviewCell.xib; sourceTree = "<group>"; };
		F580722D236C0B47007343A1 /* tableReviewCell.swift */ = {isa = PBXFileReference; lastKnownFileType = sourcecode.swift; path = tableReviewCell.swift; sourceTree = "<group>"; };
		F580722E236C0B47007343A1 /* tableReviewCell.xib */ = {isa = PBXFileReference; lastKnownFileType = file.xib; path = tableReviewCell.xib; sourceTree = "<group>"; };
		F580AD3B23728A6B003D3EE2 /* tableEditReviewCell.swift */ = {isa = PBXFileReference; lastKnownFileType = sourcecode.swift; path = tableEditReviewCell.swift; sourceTree = "<group>"; };
		F580AD3C23728A6B003D3EE2 /* tableEditReviewCell.xib */ = {isa = PBXFileReference; lastKnownFileType = file.xib; path = tableEditReviewCell.xib; sourceTree = "<group>"; };
		F580AD432372B8C9003D3EE2 /* UserReview.swift */ = {isa = PBXFileReference; fileEncoding = 4; lastKnownFileType = sourcecode.swift; path = UserReview.swift; sourceTree = "<group>"; };
		F580AD442372B8CA003D3EE2 /* CustomerReview.swift */ = {isa = PBXFileReference; fileEncoding = 4; lastKnownFileType = sourcecode.swift; path = CustomerReview.swift; sourceTree = "<group>"; };
		F580AD452372B8CA003D3EE2 /* WSReview.swift */ = {isa = PBXFileReference; fileEncoding = 4; lastKnownFileType = sourcecode.swift; path = WSReview.swift; sourceTree = "<group>"; };
		F5BC6EB6236C100600817310 /* AddReviewVC.swift */ = {isa = PBXFileReference; lastKnownFileType = sourcecode.swift; path = AddReviewVC.swift; sourceTree = "<group>"; };
		F5BC6EB9236C125700817310 /* tableAddReviewProductImageCell.swift */ = {isa = PBXFileReference; lastKnownFileType = sourcecode.swift; path = tableAddReviewProductImageCell.swift; sourceTree = "<group>"; };
		F5BC6EBA236C125700817310 /* tableAddReviewProductImageCell.xib */ = {isa = PBXFileReference; lastKnownFileType = file.xib; path = tableAddReviewProductImageCell.xib; sourceTree = "<group>"; };
		F5BC6EBE236C128400817310 /* tableAddReviewProductDetailsCell.swift */ = {isa = PBXFileReference; lastKnownFileType = sourcecode.swift; path = tableAddReviewProductDetailsCell.swift; sourceTree = "<group>"; };
		F5BC6EBF236C128400817310 /* tableAddReviewProductDetailsCell.xib */ = {isa = PBXFileReference; lastKnownFileType = file.xib; path = tableAddReviewProductDetailsCell.xib; sourceTree = "<group>"; };
		F5BC6EC3236C134900817310 /* tableAddReviewTitleCell.swift */ = {isa = PBXFileReference; lastKnownFileType = sourcecode.swift; path = tableAddReviewTitleCell.swift; sourceTree = "<group>"; };
		F5BC6EC4236C134900817310 /* tableAddReviewTitleCell.xib */ = {isa = PBXFileReference; lastKnownFileType = file.xib; path = tableAddReviewTitleCell.xib; sourceTree = "<group>"; };
		F5BC6EC8236C136800817310 /* tableAddReviewDescCell.swift */ = {isa = PBXFileReference; lastKnownFileType = sourcecode.swift; path = tableAddReviewDescCell.swift; sourceTree = "<group>"; };
		F5BC6EC9236C136800817310 /* tableAddReviewDescCell.xib */ = {isa = PBXFileReference; lastKnownFileType = file.xib; path = tableAddReviewDescCell.xib; sourceTree = "<group>"; };
		F5C1A02C2387B850000A6F7C /* GoogleService-Info.plist */ = {isa = PBXFileReference; fileEncoding = 4; lastKnownFileType = text.plist.xml; path = "GoogleService-Info.plist"; sourceTree = "<group>"; };
		FEB9054D3055F0ACDA42DC9F /* Pods-FoodScanUITests.release.xcconfig */ = {isa = PBXFileReference; includeInIndex = 1; lastKnownFileType = text.xcconfig; name = "Pods-FoodScanUITests.release.xcconfig"; path = "Pods/Target Support Files/Pods-FoodScanUITests/Pods-FoodScanUITests.release.xcconfig"; sourceTree = "<group>"; };
/* End PBXFileReference section */

/* Begin PBXFrameworksBuildPhase section */
		00F49D3F220C05960053829D /* Frameworks */ = {
			isa = PBXFrameworksBuildPhase;
			buildActionMask = 2147483647;
			files = (
				5BD70D2A223A34CE006A2FED /* libz.tbd in Frameworks */,
				5BD70CF5223A2954006A2FED /* Pods_FoodScan.framework in Frameworks */,
				5B4EC0C82239369D0036F2F9 /* CoreImage.framework in Frameworks */,
			);
			runOnlyForDeploymentPostprocessing = 0;
		};
		00F49D56220C059E0053829D /* Frameworks */ = {
			isa = PBXFrameworksBuildPhase;
			buildActionMask = 2147483647;
			files = (
				62DF5F6CF0F46806D747BE2B /* Pods_FoodScanTests.framework in Frameworks */,
			);
			runOnlyForDeploymentPostprocessing = 0;
		};
		00F49D61220C059E0053829D /* Frameworks */ = {
			isa = PBXFrameworksBuildPhase;
			buildActionMask = 2147483647;
			files = (
				61846A2D52474EADAE441785 /* Pods_FoodScanUITests.framework in Frameworks */,
			);
			runOnlyForDeploymentPostprocessing = 0;
		};
/* End PBXFrameworksBuildPhase section */

/* Begin PBXGroup section */
		002E09A3221686D900252764 /* CustomView */ = {
			isa = PBXGroup;
			children = (
				002E09A8221686D900252764 /* TableViewCell */,
			);
			path = CustomView;
			sourceTree = "<group>";
		};
		002E09A8221686D900252764 /* TableViewCell */ = {
			isa = PBXGroup;
			children = (
				8429E29C244D8D290064CDCE /* tableCountryCell */,
				F580AD3A23728A48003D3EE2 /* tableEditReviewCell */,
				F53CBEC1236D759B00EF990C /* tableUserReviewCell */,
				F5BC6EC7236C135100817310 /* tableAddReviewDescCell */,
				F5BC6EC2236C133000817310 /* tableAddReviewTitleCell */,
				F5BC6EBD236C126000817310 /* tableAddReviewProductDetailsCell */,
				F5BC6EB8236C123D00817310 /* tableAddReviewProductImageCell */,
				F580722C236C0B35007343A1 /* tableReviewCell */,
				F5807227236BF15F007343A1 /* tableCustomerReviewCell */,
				002E09A9221686D900252764 /* tableProfileCell */,
				002E09AE221686D900252764 /* tableFoodCell */,
			);
			path = TableViewCell;
			sourceTree = "<group>";
		};
		002E09A9221686D900252764 /* tableProfileCell */ = {
			isa = PBXGroup;
			children = (
				002E09AA221686D900252764 /* tableProfileCell.swift */,
			);
			path = tableProfileCell;
			sourceTree = "<group>";
		};
		002E09AE221686D900252764 /* tableFoodCell */ = {
			isa = PBXGroup;
			children = (
				002E09AF221686D900252764 /* tableFoodCell.swift */,
			);
			path = tableFoodCell;
			sourceTree = "<group>";
		};
		004473E8221296E8004C98C9 /* Extensions */ = {
			isa = PBXGroup;
			children = (
				F55B2F2F23FC12BC001710EE /* UIView+Nib.swift */,
				009DF4402215762000472450 /* JSON+Extensions.swift */,
				004473EA221296E8004C98C9 /* Date+Extensions.swift */,
				004473EE221296E8004C98C9 /* Optional+Extensions.swift */,
				004473EF221296E8004C98C9 /* String+Extensions.swift */,
				004473F4221296E8004C98C9 /* UILable+Extensions.swift */,
				004473F7221296E8004C98C9 /* UITextField+Extensions.swift */,
				004473FB221296E8004C98C9 /* UIView+ReusableIdentifier.swift */,
				004473FC221296E8004C98C9 /* UIViewController+Extensions.swift */,
				004473FD221296E8004C98C9 /* UserDefaults+Extensions.swift */,
			);
			path = Extensions;
			sourceTree = "<group>";
		};
		0069BA532213E650008DD907 /* WebService */ = {
			isa = PBXGroup;
			children = (
				0069BA542213E650008DD907 /* HttpRequestManager.swift */,
				0069BA552213E650008DD907 /* WebService-Prefix.swift */,
				0069BA562213E650008DD907 /* WebServicesCollection.swift */,
				0069BA572213E650008DD907 /* WSClasses */,
			);
			path = WebService;
			sourceTree = "<group>";
		};
		0069BA572213E650008DD907 /* WSClasses */ = {
			isa = PBXGroup;
			children = (
				F580AD442372B8CA003D3EE2 /* CustomerReview.swift */,
				F580AD452372B8CA003D3EE2 /* WSReview.swift */,
				F580AD432372B8C9003D3EE2 /* UserReview.swift */,
				00452B05221AD6E9008075DC /* WSProduct.swift */,
				0069BA792213F11B008DD907 /* WSUser.swift */,
			);
			path = WSClasses;
			sourceTree = "<group>";
		};
		0069BA822214183C008DD907 /* CustomClasses */ = {
			isa = PBXGroup;
			children = (
				0069BA8E22141B4F008DD907 /* NotificationBannerSwiftHandler */,
				0069BA8622141899008DD907 /* FBEncrypt */,
				0069BA832214184A008DD907 /* SecurityHandler */,
			);
			path = CustomClasses;
			sourceTree = "<group>";
		};
		0069BA832214184A008DD907 /* SecurityHandler */ = {
			isa = PBXGroup;
			children = (
				0069BA842214184A008DD907 /* SecurityHandler.swift */,
			);
			path = SecurityHandler;
			sourceTree = "<group>";
		};
		0069BA8622141899008DD907 /* FBEncrypt */ = {
			isa = PBXGroup;
			children = (
				0069BA8722141899008DD907 /* FBEncryptorAES.h */,
				0069BA8822141899008DD907 /* FBEncryptorAES.m */,
				0069BA8922141899008DD907 /* NSData+Base64.h */,
				0069BA8A22141899008DD907 /* NSData+Base64.m */,
				0069BA8B22141899008DD907 /* Foodscan-Bridging-Header.h */,
			);
			path = FBEncrypt;
			sourceTree = "<group>";
		};
		0069BA8E22141B4F008DD907 /* NotificationBannerSwiftHandler */ = {
			isa = PBXGroup;
			children = (
				0069BA8F22141B4F008DD907 /* NotificationBannerSwiftHandler.swift */,
			);
			path = NotificationBannerSwiftHandler;
			sourceTree = "<group>";
		};
		00F49D39220C05960053829D = {
			isa = PBXGroup;
			children = (
				00F49D44220C05960053829D /* FoodScan */,
				00F49D43220C05960053829D /* Products */,
				4E69D38DDC997C17689583AA /* Frameworks */,
				97425ED49F8EB6AE07D55CCD /* Pods */,
			);
			sourceTree = "<group>";
		};
		00F49D43220C05960053829D /* Products */ = {
			isa = PBXGroup;
			children = (
				00F49D42220C05960053829D /* FoodScan.app */,
				00F49D59220C059E0053829D /* FoodScanTests.xctest */,
				00F49D64220C059E0053829D /* FoodScanUITests.xctest */,
			);
			name = Products;
			sourceTree = "<group>";
		};
		00F49D44220C05960053829D /* FoodScan */ = {
			isa = PBXGroup;
			children = (
				5BD70D8F223A5AE4006A2FED /* tessdata */,
				00F49D8D220C11170053829D /* AppDelegate */,
				00F49D7C220C0C6F0053829D /* Controller */,
				00F49D7B220C0C6F0053829D /* Model */,
				00F49D76220C0C6F0053829D /* View */,
				00F49D4F220C059E0053829D /* Assets.xcassets */,
				00F49D54220C059E0053829D /* Info.plist */,
				00F49D4C220C05960053829D /* FoodScan.xcdatamodeld */,
			);
			path = FoodScan;
			sourceTree = "<group>";
		};
		00F49D76220C0C6F0053829D /* View */ = {
			isa = PBXGroup;
			children = (
				00F49D77220C0C6F0053829D /* LaunchScreen.storyboard */,
				00F49D79220C0C6F0053829D /* Main.storyboard */,
				00F49D81220C0FCA0053829D /* Login.storyboard */,
				00F49D84220C0FF80053829D /* Settings.storyboard */,
			);
			path = View;
			sourceTree = "<group>";
		};
		00F49D7B220C0C6F0053829D /* Model */ = {
			isa = PBXGroup;
			children = (
				5B63EC6D2296729700E59FE7 /* ISMessages */,
				5B033A1E22674BB600BB3BB4 /* Library */,
				002E09A3221686D900252764 /* CustomView */,
				0069BA822214183C008DD907 /* CustomClasses */,
				0069BA532213E650008DD907 /* WebService */,
				004473E8221296E8004C98C9 /* Extensions */,
				00F49E12220C11310053829D /* CommanClasees */,
				00F49DEB220C11300053829D /* Fonts */,
			);
			path = Model;
			sourceTree = "<group>";
		};
		00F49D7C220C0C6F0053829D /* Controller */ = {
			isa = PBXGroup;
			children = (
				00F49D8A220C109E0053829D /* HomeTabVC */,
				00F49D88220C109E0053829D /* Login */,
				00F49D89220C109E0053829D /* Settings */,
			);
			path = Controller;
			sourceTree = "<group>";
		};
		00F49D88220C109E0053829D /* Login */ = {
			isa = PBXGroup;
			children = (
				00F49E81220C28F90053829D /* LoginVC.swift */,
				00F49E83220C29280053829D /* RegistrationVC.swift */,
				00F49E85220C293C0053829D /* ForgotPasswordVC.swift */,
				00F49E87220C295A0053829D /* WelComeVC.swift */,
			);
			path = Login;
			sourceTree = "<group>";
		};
		00F49D89220C109E0053829D /* Settings */ = {
			isa = PBXGroup;
			children = (
				004473DA22129448004C98C9 /* SettingsVC.swift */,
				004473DC2212945D004C98C9 /* EditProfileVC.swift */,
				004473DE2212946D004C98C9 /* ChangePasswordVC.swift */,
				004473E02212950E004C98C9 /* PrivacyPolicyVC.swift */,
			);
			path = Settings;
			sourceTree = "<group>";
		};
		00F49D8A220C109E0053829D /* HomeTabVC */ = {
			isa = PBXGroup;
			children = (
				5B3157062236395600EC0674 /* ScanProductVC.swift */,
				00F49D8B220C109E0053829D /* HomeTabVC.swift */,
				00F49E89220C3CCA0053829D /* HistoryVC.swift */,
				00F49E8D220C3CF80053829D /* ProfileVC.swift */,
				003777852217EAA1003D233A /* FoodDetailVC.swift */,
				5BC8819A223B782A009CB316 /* ViewProductPopUpVC.swift */,
				F5BC6EB6236C100600817310 /* AddReviewVC.swift */,
				8429E29A244D7A960064CDCE /* SelectCountryVC.swift */,
			);
			path = HomeTabVC;
			sourceTree = "<group>";
		};
		00F49D8D220C11170053829D /* AppDelegate */ = {
			isa = PBXGroup;
			children = (
				00F49D8E220C11170053829D /* AppDelegate.swift */,
			);
			path = AppDelegate;
			sourceTree = "<group>";
		};
		00F49DEB220C11300053829D /* Fonts */ = {
			isa = PBXGroup;
			children = (
				00F49E90220C42C60053829D /* arial.ttf */,
				00F49E8F220C42C60053829D /* aribl_bold.ttf */,
			);
			path = Fonts;
			sourceTree = "<group>";
		};
		00F49E12220C11310053829D /* CommanClasees */ = {
			isa = PBXGroup;
			children = (
				5B4EC0DB223939E90036F2F9 /* Preview.swift */,
				004473D122129139004C98C9 /* Design.swift */,
				004473D722129139004C98C9 /* DesignableView.swift */,
				00F49E13220C11310053829D /* Constants.swift */,
				00F49E15220C11310053829D /* StoryboardDetails.swift */,
				00F49E16220C11310053829D /* Utils.swift */,
			);
			path = CommanClasees;
			sourceTree = "<group>";
		};
		4E69D38DDC997C17689583AA /* Frameworks */ = {
			isa = PBXGroup;
			children = (
				5BD70D29223A34CE006A2FED /* libz.tbd */,
				00EF9BB7220DB1FE009434D3 /* CoreImage.framework */,
				05DC2638BAE3C9295B5EE7F9 /* Pods_FoodScan.framework */,
				7DB3CAEA3AC246C91EACCAE3 /* Pods_FoodScanTests.framework */,
				A6437C1DDDE7C43328928100 /* Pods_FoodScanUITests.framework */,
			);
			name = Frameworks;
			sourceTree = "<group>";
		};
		5B033A1E22674BB600BB3BB4 /* Library */ = {
			isa = PBXGroup;
			children = (
				F580AD3F2372A202003D3EE2 /* Scan */,
			);
			path = Library;
			sourceTree = "<group>";
		};
		5B63EC6D2296729700E59FE7 /* ISMessages */ = {
			isa = PBXGroup;
			children = (
				5B63EC6E2296729700E59FE7 /* Assets */,
				5B63EC7B2296729700E59FE7 /* Classes */,
			);
			path = ISMessages;
			sourceTree = "<group>";
		};
		5B63EC6E2296729700E59FE7 /* Assets */ = {
			isa = PBXGroup;
			children = (
				5B63EC6F2296729700E59FE7 /* isErrorIcon.png */,
				5B63EC702296729700E59FE7 /* isErrorIcon@2x.png */,
				5B63EC712296729700E59FE7 /* isErrorIcon@3x.png */,
				5B63EC722296729700E59FE7 /* isInfoIcon.png */,
				5B63EC732296729700E59FE7 /* isInfoIcon@2x.png */,
				5B63EC742296729700E59FE7 /* isInfoIcon@3x.png */,
				5B63EC752296729700E59FE7 /* isSuccessIcon.png */,
				5B63EC762296729700E59FE7 /* isSuccessIcon@2x.png */,
				5B63EC772296729700E59FE7 /* isSuccessIcon@3x.png */,
				5B63EC782296729700E59FE7 /* isWarningIcon.png */,
				5B63EC792296729700E59FE7 /* isWarningIcon@2x.png */,
				5B63EC7A2296729700E59FE7 /* isWarningIcon@3x.png */,
			);
			path = Assets;
			sourceTree = "<group>";
		};
		5B63EC7B2296729700E59FE7 /* Classes */ = {
			isa = PBXGroup;
			children = (
				5B63EC7C2296729700E59FE7 /* ISMessages.h */,
				5B63EC7D2296729700E59FE7 /* ISMessages.m */,
			);
			path = Classes;
			sourceTree = "<group>";
		};
		8429E29C244D8D290064CDCE /* tableCountryCell */ = {
			isa = PBXGroup;
			children = (
				8429E2A1244D94170064CDCE /* tableCountryCell.swift */,
				8429E2A2244D94170064CDCE /* tableCountryCell.xib */,
			);
			path = tableCountryCell;
			sourceTree = "<group>";
		};
		97425ED49F8EB6AE07D55CCD /* Pods */ = {
			isa = PBXGroup;
			children = (
				EC825949BC7F68DDFB10BA90 /* Pods-FoodScan.debug.xcconfig */,
				AA4F320BB27267C17E50B180 /* Pods-FoodScan.release.xcconfig */,
				8C41EFA061DC36EAE37B6AA8 /* Pods-FoodScanTests.debug.xcconfig */,
				26790217F0ED89AE686C1045 /* Pods-FoodScanTests.release.xcconfig */,
				0E036C6BCE594D37132A6222 /* Pods-FoodScanUITests.debug.xcconfig */,
				FEB9054D3055F0ACDA42DC9F /* Pods-FoodScanUITests.release.xcconfig */,
			);
			name = Pods;
			sourceTree = "<group>";
		};
		F53CBEC1236D759B00EF990C /* tableUserReviewCell */ = {
			isa = PBXGroup;
			children = (
				F53CBEC2236D75BB00EF990C /* tableUserReviewCell.swift */,
				F53CBEC3236D75BB00EF990C /* tableUserReviewCell.xib */,
			);
			path = tableUserReviewCell;
			sourceTree = "<group>";
		};
		F5807227236BF15F007343A1 /* tableCustomerReviewCell */ = {
			isa = PBXGroup;
			children = (
				F5807228236BF216007343A1 /* tableCustomerReviewCell.swift */,
				F5807229236BF216007343A1 /* tableCustomerReviewCell.xib */,
			);
			path = tableCustomerReviewCell;
			sourceTree = "<group>";
		};
		F580722C236C0B35007343A1 /* tableReviewCell */ = {
			isa = PBXGroup;
			children = (
				F580722D236C0B47007343A1 /* tableReviewCell.swift */,
				F580722E236C0B47007343A1 /* tableReviewCell.xib */,
			);
			path = tableReviewCell;
			sourceTree = "<group>";
		};
		F580AD3A23728A48003D3EE2 /* tableEditReviewCell */ = {
			isa = PBXGroup;
			children = (
				F580AD3B23728A6B003D3EE2 /* tableEditReviewCell.swift */,
				F580AD3C23728A6B003D3EE2 /* tableEditReviewCell.xib */,
			);
			path = tableEditReviewCell;
			sourceTree = "<group>";
		};
		F580AD3F2372A202003D3EE2 /* Scan */ = {
			isa = PBXGroup;
			children = (
				F5C1A02C2387B850000A6F7C /* GoogleService-Info.plist */,
				5B191D172268464100E1DF1F /* DrawingView.swift */,
				5B191D162268464100E1DF1F /* VideoCapture.swift */,
			);
			path = Scan;
			sourceTree = "<group>";
		};
		F5BC6EB8236C123D00817310 /* tableAddReviewProductImageCell */ = {
			isa = PBXGroup;
			children = (
				F5BC6EB9236C125700817310 /* tableAddReviewProductImageCell.swift */,
				F5BC6EBA236C125700817310 /* tableAddReviewProductImageCell.xib */,
			);
			path = tableAddReviewProductImageCell;
			sourceTree = "<group>";
		};
		F5BC6EBD236C126000817310 /* tableAddReviewProductDetailsCell */ = {
			isa = PBXGroup;
			children = (
				F5BC6EBE236C128400817310 /* tableAddReviewProductDetailsCell.swift */,
				F5BC6EBF236C128400817310 /* tableAddReviewProductDetailsCell.xib */,
			);
			path = tableAddReviewProductDetailsCell;
			sourceTree = "<group>";
		};
		F5BC6EC2236C133000817310 /* tableAddReviewTitleCell */ = {
			isa = PBXGroup;
			children = (
				F5BC6EC3236C134900817310 /* tableAddReviewTitleCell.swift */,
				F5BC6EC4236C134900817310 /* tableAddReviewTitleCell.xib */,
			);
			path = tableAddReviewTitleCell;
			sourceTree = "<group>";
		};
		F5BC6EC7236C135100817310 /* tableAddReviewDescCell */ = {
			isa = PBXGroup;
			children = (
				F5BC6EC8236C136800817310 /* tableAddReviewDescCell.swift */,
				F5BC6EC9236C136800817310 /* tableAddReviewDescCell.xib */,
			);
			path = tableAddReviewDescCell;
			sourceTree = "<group>";
		};
/* End PBXGroup section */

/* Begin PBXNativeTarget section */
		00F49D41220C05960053829D /* FoodScan */ = {
			isa = PBXNativeTarget;
			buildConfigurationList = 00F49D6D220C059E0053829D /* Build configuration list for PBXNativeTarget "FoodScan" */;
			buildPhases = (
				17D9A6D5C579C4DAD22E1D1B /* [CP] Check Pods Manifest.lock */,
				00F49D3E220C05960053829D /* Sources */,
				00F49D3F220C05960053829D /* Frameworks */,
				00F49D40220C05960053829D /* Resources */,
				000A852322115C640097B022 /* Embed Frameworks */,
				CA4BE67B6D1DCA73F2776419 /* [CP] Embed Pods Frameworks */,
				5B318DBA2286887F008CB362 /* ShellScript */,
				A165839650F6B60AC7621F83 /* [CP] Copy Pods Resources */,
			);
			buildRules = (
			);
			dependencies = (
			);
			name = FoodScan;
			productName = FoodScan;
			productReference = 00F49D42220C05960053829D /* FoodScan.app */;
			productType = "com.apple.product-type.application";
		};
		00F49D58220C059E0053829D /* FoodScanTests */ = {
			isa = PBXNativeTarget;
			buildConfigurationList = 00F49D70220C059E0053829D /* Build configuration list for PBXNativeTarget "FoodScanTests" */;
			buildPhases = (
				A5CAA3C95BD450CEE4C3E78C /* [CP] Check Pods Manifest.lock */,
				00F49D55220C059E0053829D /* Sources */,
				00F49D56220C059E0053829D /* Frameworks */,
				00F49D57220C059E0053829D /* Resources */,
			);
			buildRules = (
			);
			dependencies = (
				00F49D5B220C059E0053829D /* PBXTargetDependency */,
			);
			name = FoodScanTests;
			productName = FoodScanTests;
			productReference = 00F49D59220C059E0053829D /* FoodScanTests.xctest */;
			productType = "com.apple.product-type.bundle.unit-test";
		};
		00F49D63220C059E0053829D /* FoodScanUITests */ = {
			isa = PBXNativeTarget;
			buildConfigurationList = 00F49D73220C059E0053829D /* Build configuration list for PBXNativeTarget "FoodScanUITests" */;
			buildPhases = (
				B933742B03867FF6A35F18B9 /* [CP] Check Pods Manifest.lock */,
				00F49D60220C059E0053829D /* Sources */,
				00F49D61220C059E0053829D /* Frameworks */,
				00F49D62220C059E0053829D /* Resources */,
			);
			buildRules = (
			);
			dependencies = (
				00F49D66220C059E0053829D /* PBXTargetDependency */,
			);
			name = FoodScanUITests;
			productName = FoodScanUITests;
			productReference = 00F49D64220C059E0053829D /* FoodScanUITests.xctest */;
			productType = "com.apple.product-type.bundle.ui-testing";
		};
/* End PBXNativeTarget section */

/* Begin PBXProject section */
		00F49D3A220C05960053829D /* Project object */ = {
			isa = PBXProject;
			attributes = {
				LastSwiftUpdateCheck = 1000;
				LastUpgradeCheck = 1000;
				ORGANIZATIONNAME = C110;
				TargetAttributes = {
					00F49D41220C05960053829D = {
						CreatedOnToolsVersion = 10.0;
					};
					00F49D58220C059E0053829D = {
						CreatedOnToolsVersion = 10.0;
						TestTargetID = 00F49D41220C05960053829D;
					};
					00F49D63220C059E0053829D = {
						CreatedOnToolsVersion = 10.0;
						TestTargetID = 00F49D41220C05960053829D;
					};
				};
			};
			buildConfigurationList = 00F49D3D220C05960053829D /* Build configuration list for PBXProject "FoodScan" */;
			compatibilityVersion = "Xcode 9.3";
			developmentRegion = en;
			hasScannedForEncodings = 0;
			knownRegions = (
				en,
				Base,
			);
			mainGroup = 00F49D39220C05960053829D;
			productRefGroup = 00F49D43220C05960053829D /* Products */;
			projectDirPath = "";
			projectRoot = "";
			targets = (
				00F49D41220C05960053829D /* FoodScan */,
				00F49D58220C059E0053829D /* FoodScanTests */,
				00F49D63220C059E0053829D /* FoodScanUITests */,
			);
		};
/* End PBXProject section */

/* Begin PBXResourcesBuildPhase section */
		00F49D40220C05960053829D /* Resources */ = {
			isa = PBXResourcesBuildPhase;
			buildActionMask = 2147483647;
			files = (
				00F49E91220C42C60053829D /* aribl_bold.ttf in Resources */,
				5BD70D90223A5AE4006A2FED /* tessdata in Resources */,
				5B63EC842296729700E59FE7 /* isSuccessIcon.png in Resources */,
				F580AD3E23728A6B003D3EE2 /* tableEditReviewCell.xib in Resources */,
				F5BC6EC1236C128400817310 /* tableAddReviewProductDetailsCell.xib in Resources */,
				5B63EC812296729700E59FE7 /* isInfoIcon.png in Resources */,
				5B63EC882296729700E59FE7 /* isWarningIcon@2x.png in Resources */,
				5B63EC822296729700E59FE7 /* isInfoIcon@2x.png in Resources */,
				F5807230236C0B47007343A1 /* tableReviewCell.xib in Resources */,
				5B63EC862296729700E59FE7 /* isSuccessIcon@3x.png in Resources */,
				00F49D83220C0FCA0053829D /* Login.storyboard in Resources */,
				8429E2A4244D94170064CDCE /* tableCountryCell.xib in Resources */,
				00F49D7F220C0C6F0053829D /* Main.storyboard in Resources */,
				F580722B236BF216007343A1 /* tableCustomerReviewCell.xib in Resources */,
				F5BC6EC6236C134A00817310 /* tableAddReviewTitleCell.xib in Resources */,
				00F49D50220C059E0053829D /* Assets.xcassets in Resources */,
				5B63EC852296729700E59FE7 /* isSuccessIcon@2x.png in Resources */,
				5B63EC832296729700E59FE7 /* isInfoIcon@3x.png in Resources */,
				F53CBEC5236D75BB00EF990C /* tableUserReviewCell.xib in Resources */,
				00F49D7E220C0C6F0053829D /* LaunchScreen.storyboard in Resources */,
				5B63EC802296729700E59FE7 /* isErrorIcon@3x.png in Resources */,
				00F49D86220C0FF80053829D /* Settings.storyboard in Resources */,
				F5BC6EBC236C125700817310 /* tableAddReviewProductImageCell.xib in Resources */,
				F5BC6ECB236C136800817310 /* tableAddReviewDescCell.xib in Resources */,
				00F49E92220C42C60053829D /* arial.ttf in Resources */,
				5B63EC872296729700E59FE7 /* isWarningIcon.png in Resources */,
				5B63EC7E2296729700E59FE7 /* isErrorIcon.png in Resources */,
				5B63EC892296729700E59FE7 /* isWarningIcon@3x.png in Resources */,
				5B63EC7F2296729700E59FE7 /* isErrorIcon@2x.png in Resources */,
				F5C1A02D2387B850000A6F7C /* GoogleService-Info.plist in Resources */,
			);
			runOnlyForDeploymentPostprocessing = 0;
		};
		00F49D57220C059E0053829D /* Resources */ = {
			isa = PBXResourcesBuildPhase;
			buildActionMask = 2147483647;
			files = (
			);
			runOnlyForDeploymentPostprocessing = 0;
		};
		00F49D62220C059E0053829D /* Resources */ = {
			isa = PBXResourcesBuildPhase;
			buildActionMask = 2147483647;
			files = (
			);
			runOnlyForDeploymentPostprocessing = 0;
		};
/* End PBXResourcesBuildPhase section */

/* Begin PBXShellScriptBuildPhase section */
		17D9A6D5C579C4DAD22E1D1B /* [CP] Check Pods Manifest.lock */ = {
			isa = PBXShellScriptBuildPhase;
			buildActionMask = 2147483647;
			files = (
			);
			inputPaths = (
				"${PODS_PODFILE_DIR_PATH}/Podfile.lock",
				"${PODS_ROOT}/Manifest.lock",
			);
			name = "[CP] Check Pods Manifest.lock";
			outputPaths = (
				"$(DERIVED_FILE_DIR)/Pods-FoodScan-checkManifestLockResult.txt",
			);
			runOnlyForDeploymentPostprocessing = 0;
			shellPath = /bin/sh;
			shellScript = "diff \"${PODS_PODFILE_DIR_PATH}/Podfile.lock\" \"${PODS_ROOT}/Manifest.lock\" > /dev/null\nif [ $? != 0 ] ; then\n    # print error to STDERR\n    echo \"error: The sandbox is not in sync with the Podfile.lock. Run 'pod install' or update your CocoaPods installation.\" >&2\n    exit 1\nfi\n# This output is used by Xcode 'outputs' to avoid re-running this script phase.\necho \"SUCCESS\" > \"${SCRIPT_OUTPUT_FILE_0}\"\n";
			showEnvVarsInLog = 0;
		};
		5B318DBA2286887F008CB362 /* ShellScript */ = {
			isa = PBXShellScriptBuildPhase;
			buildActionMask = 2147483647;
			files = (
			);
			inputFileListPaths = (
			);
			inputPaths = (
				"${DWARF_DSYM_FOLDER_PATH}/${DWARF_DSYM_FILE_NAME}/Contents/Resources/DWARF/${TARGET_NAME}",
				"$(SRCROOT)/$(BUILT_PRODUCTS_DIR)/$(INFOPLIST_PATH)",
			);
			outputFileListPaths = (
			);
			outputPaths = (
			);
			runOnlyForDeploymentPostprocessing = 0;
			shellPath = /bin/sh;
			shellScript = "\"${PODS_ROOT}/FirebaseCrashlytics/run\"\n";
		};
		A165839650F6B60AC7621F83 /* [CP] Copy Pods Resources */ = {
			isa = PBXShellScriptBuildPhase;
			buildActionMask = 2147483647;
			files = (
			);
			inputFileListPaths = (
				"${PODS_ROOT}/Target Support Files/Pods-FoodScan/Pods-FoodScan-resources-${CONFIGURATION}-input-files.xcfilelist",
			);
			name = "[CP] Copy Pods Resources";
			outputFileListPaths = (
				"${PODS_ROOT}/Target Support Files/Pods-FoodScan/Pods-FoodScan-resources-${CONFIGURATION}-output-files.xcfilelist",
			);
			runOnlyForDeploymentPostprocessing = 0;
			shellPath = /bin/sh;
			shellScript = "\"${PODS_ROOT}/Target Support Files/Pods-FoodScan/Pods-FoodScan-resources.sh\"\n";
			showEnvVarsInLog = 0;
		};
		A5CAA3C95BD450CEE4C3E78C /* [CP] Check Pods Manifest.lock */ = {
			isa = PBXShellScriptBuildPhase;
			buildActionMask = 2147483647;
			files = (
			);
			inputPaths = (
				"${PODS_PODFILE_DIR_PATH}/Podfile.lock",
				"${PODS_ROOT}/Manifest.lock",
			);
			name = "[CP] Check Pods Manifest.lock";
			outputPaths = (
				"$(DERIVED_FILE_DIR)/Pods-FoodScanTests-checkManifestLockResult.txt",
			);
			runOnlyForDeploymentPostprocessing = 0;
			shellPath = /bin/sh;
			shellScript = "diff \"${PODS_PODFILE_DIR_PATH}/Podfile.lock\" \"${PODS_ROOT}/Manifest.lock\" > /dev/null\nif [ $? != 0 ] ; then\n    # print error to STDERR\n    echo \"error: The sandbox is not in sync with the Podfile.lock. Run 'pod install' or update your CocoaPods installation.\" >&2\n    exit 1\nfi\n# This output is used by Xcode 'outputs' to avoid re-running this script phase.\necho \"SUCCESS\" > \"${SCRIPT_OUTPUT_FILE_0}\"\n";
			showEnvVarsInLog = 0;
		};
		B933742B03867FF6A35F18B9 /* [CP] Check Pods Manifest.lock */ = {
			isa = PBXShellScriptBuildPhase;
			buildActionMask = 2147483647;
			files = (
			);
			inputPaths = (
				"${PODS_PODFILE_DIR_PATH}/Podfile.lock",
				"${PODS_ROOT}/Manifest.lock",
			);
			name = "[CP] Check Pods Manifest.lock";
			outputPaths = (
				"$(DERIVED_FILE_DIR)/Pods-FoodScanUITests-checkManifestLockResult.txt",
			);
			runOnlyForDeploymentPostprocessing = 0;
			shellPath = /bin/sh;
			shellScript = "diff \"${PODS_PODFILE_DIR_PATH}/Podfile.lock\" \"${PODS_ROOT}/Manifest.lock\" > /dev/null\nif [ $? != 0 ] ; then\n    # print error to STDERR\n    echo \"error: The sandbox is not in sync with the Podfile.lock. Run 'pod install' or update your CocoaPods installation.\" >&2\n    exit 1\nfi\n# This output is used by Xcode 'outputs' to avoid re-running this script phase.\necho \"SUCCESS\" > \"${SCRIPT_OUTPUT_FILE_0}\"\n";
			showEnvVarsInLog = 0;
		};
		CA4BE67B6D1DCA73F2776419 /* [CP] Embed Pods Frameworks */ = {
			isa = PBXShellScriptBuildPhase;
			buildActionMask = 2147483647;
			files = (
			);
			inputFileListPaths = (
				"${PODS_ROOT}/Target Support Files/Pods-FoodScan/Pods-FoodScan-frameworks-${CONFIGURATION}-input-files.xcfilelist",
			);
			name = "[CP] Embed Pods Frameworks";
			outputFileListPaths = (
				"${PODS_ROOT}/Target Support Files/Pods-FoodScan/Pods-FoodScan-frameworks-${CONFIGURATION}-output-files.xcfilelist",
			);
			runOnlyForDeploymentPostprocessing = 0;
			shellPath = /bin/sh;
			shellScript = "\"${PODS_ROOT}/Target Support Files/Pods-FoodScan/Pods-FoodScan-frameworks.sh\"\n";
			showEnvVarsInLog = 0;
		};
/* End PBXShellScriptBuildPhase section */

/* Begin PBXSourcesBuildPhase section */
		00F49D3E220C05960053829D /* Sources */ = {
			isa = PBXSourcesBuildPhase;
			buildActionMask = 2147483647;
			files = (
				F5BC6EB7236C100600817310 /* AddReviewVC.swift in Sources */,
				00447412221296E8004C98C9 /* UserDefaults+Extensions.swift in Sources */,
				004473DF2212946D004C98C9 /* ChangePasswordVC.swift in Sources */,
				00452B0B221AD6EA008075DC /* WSProduct.swift in Sources */,
				004473FF221296E8004C98C9 /* Date+Extensions.swift in Sources */,
				00447403221296E8004C98C9 /* Optional+Extensions.swift in Sources */,
				004473DB22129448004C98C9 /* SettingsVC.swift in Sources */,
				5BC8819B223B782A009CB316 /* ViewProductPopUpVC.swift in Sources */,
				F55B2F3023FC12BC001710EE /* UIView+Nib.swift in Sources */,
				009DF4422215762000472450 /* JSON+Extensions.swift in Sources */,
				00F49E88220C295A0053829D /* WelComeVC.swift in Sources */,
				0069BA612213E651008DD907 /* HttpRequestManager.swift in Sources */,
				5B63EC8A2296729700E59FE7 /* ISMessages.m in Sources */,
				00F49E86220C293C0053829D /* ForgotPasswordVC.swift in Sources */,
				00447411221296E8004C98C9 /* UIViewController+Extensions.swift in Sources */,
				5B191D182268464100E1DF1F /* VideoCapture.swift in Sources */,
				F580722A236BF216007343A1 /* tableCustomerReviewCell.swift in Sources */,
				0069BA7A2213F11B008DD907 /* WSUser.swift in Sources */,
				004473DD2212945D004C98C9 /* EditProfileVC.swift in Sources */,
				00447409221296E8004C98C9 /* UILable+Extensions.swift in Sources */,
				F53CBEC4236D75BB00EF990C /* tableUserReviewCell.swift in Sources */,
				00F49E7D220C11310053829D /* Constants.swift in Sources */,
				00F49E84220C29280053829D /* RegistrationVC.swift in Sources */,
				0069BA632213E651008DD907 /* WebServicesCollection.swift in Sources */,
				00447404221296E8004C98C9 /* String+Extensions.swift in Sources */,
				00F49E80220C11310053829D /* Utils.swift in Sources */,
				F580722F236C0B47007343A1 /* tableReviewCell.swift in Sources */,
				002E09BB221686D900252764 /* tableProfileCell.swift in Sources */,
				0069BA9022141B4F008DD907 /* NotificationBannerSwiftHandler.swift in Sources */,
				00F49D8F220C11170053829D /* AppDelegate.swift in Sources */,
				F580AD482372B8CA003D3EE2 /* WSReview.swift in Sources */,
				00F49E8E220C3CF80053829D /* ProfileVC.swift in Sources */,
				F5BC6EC0236C128400817310 /* tableAddReviewProductDetailsCell.swift in Sources */,
				0069BA852214184A008DD907 /* SecurityHandler.swift in Sources */,
				004473E12212950E004C98C9 /* PrivacyPolicyVC.swift in Sources */,
				00447410221296E8004C98C9 /* UIView+ReusableIdentifier.swift in Sources */,
				5B191D192268464100E1DF1F /* DrawingView.swift in Sources */,
				F580AD462372B8CA003D3EE2 /* UserReview.swift in Sources */,
				5B31570C2236395600EC0674 /* ScanProductVC.swift in Sources */,
				003777862217EAA1003D233A /* FoodDetailVC.swift in Sources */,
				F5BC6EC5236C134A00817310 /* tableAddReviewTitleCell.swift in Sources */,
				0069BA622213E651008DD907 /* WebService-Prefix.swift in Sources */,
				8429E29B244D7A960064CDCE /* SelectCountryVC.swift in Sources */,
				002E09BE221686D900252764 /* tableFoodCell.swift in Sources */,
				004473D922129139004C98C9 /* DesignableView.swift in Sources */,
				00F49D4E220C05960053829D /* FoodScan.xcdatamodeld in Sources */,
				004473D822129139004C98C9 /* Design.swift in Sources */,
				0044740C221296E8004C98C9 /* UITextField+Extensions.swift in Sources */,
				F580AD3D23728A6B003D3EE2 /* tableEditReviewCell.swift in Sources */,
				00F49E82220C28F90053829D /* LoginVC.swift in Sources */,
				0069BA8C22141899008DD907 /* FBEncryptorAES.m in Sources */,
				0069BA8D22141899008DD907 /* NSData+Base64.m in Sources */,
				F5BC6ECA236C136800817310 /* tableAddReviewDescCell.swift in Sources */,
				8429E2A3244D94170064CDCE /* tableCountryCell.swift in Sources */,
				5B4EC0DC223939E90036F2F9 /* Preview.swift in Sources */,
				F580AD472372B8CA003D3EE2 /* CustomerReview.swift in Sources */,
				00F49D8C220C109E0053829D /* HomeTabVC.swift in Sources */,
				00F49E7F220C11310053829D /* StoryboardDetails.swift in Sources */,
				00F49E8A220C3CCA0053829D /* HistoryVC.swift in Sources */,
				F5BC6EBB236C125700817310 /* tableAddReviewProductImageCell.swift in Sources */,
			);
			runOnlyForDeploymentPostprocessing = 0;
		};
		00F49D55220C059E0053829D /* Sources */ = {
			isa = PBXSourcesBuildPhase;
			buildActionMask = 2147483647;
			files = (
			);
			runOnlyForDeploymentPostprocessing = 0;
		};
		00F49D60220C059E0053829D /* Sources */ = {
			isa = PBXSourcesBuildPhase;
			buildActionMask = 2147483647;
			files = (
			);
			runOnlyForDeploymentPostprocessing = 0;
		};
/* End PBXSourcesBuildPhase section */

/* Begin PBXTargetDependency section */
		00F49D5B220C059E0053829D /* PBXTargetDependency */ = {
			isa = PBXTargetDependency;
			target = 00F49D41220C05960053829D /* FoodScan */;
			targetProxy = 00F49D5A220C059E0053829D /* PBXContainerItemProxy */;
		};
		00F49D66220C059E0053829D /* PBXTargetDependency */ = {
			isa = PBXTargetDependency;
			target = 00F49D41220C05960053829D /* FoodScan */;
			targetProxy = 00F49D65220C059E0053829D /* PBXContainerItemProxy */;
		};
/* End PBXTargetDependency section */

/* Begin PBXVariantGroup section */
		00F49D77220C0C6F0053829D /* LaunchScreen.storyboard */ = {
			isa = PBXVariantGroup;
			children = (
				00F49D78220C0C6F0053829D /* Base */,
			);
			name = LaunchScreen.storyboard;
			sourceTree = "<group>";
		};
		00F49D79220C0C6F0053829D /* Main.storyboard */ = {
			isa = PBXVariantGroup;
			children = (
				00F49D7A220C0C6F0053829D /* Base */,
			);
			name = Main.storyboard;
			sourceTree = "<group>";
		};
		00F49D81220C0FCA0053829D /* Login.storyboard */ = {
			isa = PBXVariantGroup;
			children = (
				00F49D82220C0FCA0053829D /* Base */,
			);
			name = Login.storyboard;
			sourceTree = "<group>";
		};
		00F49D84220C0FF80053829D /* Settings.storyboard */ = {
			isa = PBXVariantGroup;
			children = (
				00F49D85220C0FF80053829D /* Base */,
			);
			name = Settings.storyboard;
			sourceTree = "<group>";
		};
/* End PBXVariantGroup section */

/* Begin XCBuildConfiguration section */
		00F49D6B220C059E0053829D /* Debug */ = {
			isa = XCBuildConfiguration;
			buildSettings = {
				ALWAYS_SEARCH_USER_PATHS = NO;
				CLANG_ANALYZER_NONNULL = YES;
				CLANG_ANALYZER_NUMBER_OBJECT_CONVERSION = YES_AGGRESSIVE;
				CLANG_CXX_LANGUAGE_STANDARD = "gnu++14";
				CLANG_CXX_LIBRARY = "libc++";
				CLANG_ENABLE_MODULES = YES;
				CLANG_ENABLE_OBJC_ARC = YES;
				CLANG_ENABLE_OBJC_WEAK = YES;
				CLANG_WARN_BLOCK_CAPTURE_AUTORELEASING = YES;
				CLANG_WARN_BOOL_CONVERSION = YES;
				CLANG_WARN_COMMA = YES;
				CLANG_WARN_CONSTANT_CONVERSION = YES;
				CLANG_WARN_DEPRECATED_OBJC_IMPLEMENTATIONS = YES;
				CLANG_WARN_DIRECT_OBJC_ISA_USAGE = YES_ERROR;
				CLANG_WARN_DOCUMENTATION_COMMENTS = YES;
				CLANG_WARN_EMPTY_BODY = YES;
				CLANG_WARN_ENUM_CONVERSION = YES;
				CLANG_WARN_INFINITE_RECURSION = YES;
				CLANG_WARN_INT_CONVERSION = YES;
				CLANG_WARN_NON_LITERAL_NULL_CONVERSION = YES;
				CLANG_WARN_OBJC_IMPLICIT_RETAIN_SELF = YES;
				CLANG_WARN_OBJC_LITERAL_CONVERSION = YES;
				CLANG_WARN_OBJC_ROOT_CLASS = YES_ERROR;
				CLANG_WARN_RANGE_LOOP_ANALYSIS = YES;
				CLANG_WARN_STRICT_PROTOTYPES = YES;
				CLANG_WARN_SUSPICIOUS_MOVE = YES;
				CLANG_WARN_UNGUARDED_AVAILABILITY = YES_AGGRESSIVE;
				CLANG_WARN_UNREACHABLE_CODE = YES;
				CLANG_WARN__DUPLICATE_METHOD_MATCH = YES;
				CODE_SIGN_IDENTITY = "iPhone Developer";
				COPY_PHASE_STRIP = NO;
				DEBUG_INFORMATION_FORMAT = dwarf;
				ENABLE_BITCODE = NO;
				ENABLE_STRICT_OBJC_MSGSEND = YES;
				ENABLE_TESTABILITY = YES;
				GCC_C_LANGUAGE_STANDARD = gnu11;
				GCC_DYNAMIC_NO_PIC = NO;
				GCC_NO_COMMON_BLOCKS = YES;
				GCC_OPTIMIZATION_LEVEL = 0;
				GCC_PREPROCESSOR_DEFINITIONS = (
					"DEBUG=1",
					"$(inherited)",
				);
				GCC_WARN_64_TO_32_BIT_CONVERSION = YES;
				GCC_WARN_ABOUT_RETURN_TYPE = YES_ERROR;
				GCC_WARN_UNDECLARED_SELECTOR = YES;
				GCC_WARN_UNINITIALIZED_AUTOS = YES_AGGRESSIVE;
				GCC_WARN_UNUSED_FUNCTION = YES;
				GCC_WARN_UNUSED_VARIABLE = YES;
				IPHONEOS_DEPLOYMENT_TARGET = 12.4;
				MTL_ENABLE_DEBUG_INFO = INCLUDE_SOURCE;
				MTL_FAST_MATH = YES;
				ONLY_ACTIVE_ARCH = YES;
				SDKROOT = iphoneos;
				SWIFT_ACTIVE_COMPILATION_CONDITIONS = DEBUG;
				SWIFT_OPTIMIZATION_LEVEL = "-Onone";
			};
			name = Debug;
		};
		00F49D6C220C059E0053829D /* Release */ = {
			isa = XCBuildConfiguration;
			buildSettings = {
				ALWAYS_SEARCH_USER_PATHS = NO;
				CLANG_ANALYZER_NONNULL = YES;
				CLANG_ANALYZER_NUMBER_OBJECT_CONVERSION = YES_AGGRESSIVE;
				CLANG_CXX_LANGUAGE_STANDARD = "gnu++14";
				CLANG_CXX_LIBRARY = "libc++";
				CLANG_ENABLE_MODULES = YES;
				CLANG_ENABLE_OBJC_ARC = YES;
				CLANG_ENABLE_OBJC_WEAK = YES;
				CLANG_WARN_BLOCK_CAPTURE_AUTORELEASING = YES;
				CLANG_WARN_BOOL_CONVERSION = YES;
				CLANG_WARN_COMMA = YES;
				CLANG_WARN_CONSTANT_CONVERSION = YES;
				CLANG_WARN_DEPRECATED_OBJC_IMPLEMENTATIONS = YES;
				CLANG_WARN_DIRECT_OBJC_ISA_USAGE = YES_ERROR;
				CLANG_WARN_DOCUMENTATION_COMMENTS = YES;
				CLANG_WARN_EMPTY_BODY = YES;
				CLANG_WARN_ENUM_CONVERSION = YES;
				CLANG_WARN_INFINITE_RECURSION = YES;
				CLANG_WARN_INT_CONVERSION = YES;
				CLANG_WARN_NON_LITERAL_NULL_CONVERSION = YES;
				CLANG_WARN_OBJC_IMPLICIT_RETAIN_SELF = YES;
				CLANG_WARN_OBJC_LITERAL_CONVERSION = YES;
				CLANG_WARN_OBJC_ROOT_CLASS = YES_ERROR;
				CLANG_WARN_RANGE_LOOP_ANALYSIS = YES;
				CLANG_WARN_STRICT_PROTOTYPES = YES;
				CLANG_WARN_SUSPICIOUS_MOVE = YES;
				CLANG_WARN_UNGUARDED_AVAILABILITY = YES_AGGRESSIVE;
				CLANG_WARN_UNREACHABLE_CODE = YES;
				CLANG_WARN__DUPLICATE_METHOD_MATCH = YES;
				CODE_SIGN_IDENTITY = "iPhone Distribution";
				COPY_PHASE_STRIP = NO;
				DEBUG_INFORMATION_FORMAT = "dwarf-with-dsym";
				ENABLE_BITCODE = NO;
				ENABLE_NS_ASSERTIONS = NO;
				ENABLE_STRICT_OBJC_MSGSEND = YES;
				GCC_C_LANGUAGE_STANDARD = gnu11;
				GCC_NO_COMMON_BLOCKS = YES;
				GCC_WARN_64_TO_32_BIT_CONVERSION = YES;
				GCC_WARN_ABOUT_RETURN_TYPE = YES_ERROR;
				GCC_WARN_UNDECLARED_SELECTOR = YES;
				GCC_WARN_UNINITIALIZED_AUTOS = YES_AGGRESSIVE;
				GCC_WARN_UNUSED_FUNCTION = YES;
				GCC_WARN_UNUSED_VARIABLE = YES;
				IPHONEOS_DEPLOYMENT_TARGET = 12.4;
				MTL_ENABLE_DEBUG_INFO = NO;
				MTL_FAST_MATH = YES;
				SDKROOT = iphoneos;
				SWIFT_COMPILATION_MODE = wholemodule;
				SWIFT_OPTIMIZATION_LEVEL = "-O";
				VALIDATE_PRODUCT = YES;
			};
			name = Release;
		};
		00F49D6E220C059E0053829D /* Debug */ = {
			isa = XCBuildConfiguration;
			baseConfigurationReference = EC825949BC7F68DDFB10BA90 /* Pods-FoodScan.debug.xcconfig */;
			buildSettings = {
				ALWAYS_EMBED_SWIFT_STANDARD_LIBRARIES = YES;
				ASSETCATALOG_COMPILER_APPICON_NAME = AppIcon;
				ASSETCATALOG_COMPILER_LAUNCHIMAGE_NAME = LaunchImage;
				CODE_SIGN_IDENTITY = "iPhone Developer";
				CODE_SIGN_STYLE = Manual;
				CURRENT_PROJECT_VERSION = 3;
				DEBUG_INFORMATION_FORMAT = "dwarf-with-dsym";
				DEVELOPMENT_TEAM = S2A23S7R4S;
				ENABLE_BITCODE = NO;
				FRAMEWORK_SEARCH_PATHS = (
					"$(inherited)",
					"$(PROJECT_DIR)",
				);
				INFOPLIST_FILE = FoodScan/Info.plist;
				IPHONEOS_DEPLOYMENT_TARGET = 11.0;
				LD_RUNPATH_SEARCH_PATHS = (
					"$(inherited)",
					"@executable_path/Frameworks",
				);
				LIBRARY_SEARCH_PATHS = "$(inherited)";
				MARKETING_VERSION = 1.6;
				OTHER_LDFLAGS = (
					"$(inherited)",
					"-ObjC",
					"-l\"z\"",
					"-framework",
					"\"Alamofire\"",
					"-framework",
					"\"IQKeyboardManagerSwift\"",
					"-framework",
					"\"MarqueeLabel\"",
					"-framework",
					"\"NotificationBannerSwift\"",
					"-framework",
					"\"SDWebImage\"",
					"-framework",
					"\"SnapKit\"",
					"-framework",
					"\"SwiftyJSON\"",
					"-lstdc++",
				);
				OTHER_SWIFT_FLAGS = "$(inherited)";
				PRODUCT_BUNDLE_IDENTIFIER = healthyfood.lifyzer;
				PRODUCT_NAME = "$(TARGET_NAME)";
				PROVISIONING_PROFILE_SPECIFIER = LifyZer_Dev_Profile;
				SWIFT_OBJC_BRIDGING_HEADER = "FoodScan/Model/CustomClasses/FBEncrypt/Foodscan-Bridging-Header.h";
				SWIFT_VERSION = 4.2;
				TARGETED_DEVICE_FAMILY = 1;
			};
			name = Debug;
		};
		00F49D6F220C059E0053829D /* Release */ = {
			isa = XCBuildConfiguration;
			baseConfigurationReference = AA4F320BB27267C17E50B180 /* Pods-FoodScan.release.xcconfig */;
			buildSettings = {
				ALWAYS_EMBED_SWIFT_STANDARD_LIBRARIES = YES;
				ASSETCATALOG_COMPILER_APPICON_NAME = AppIcon;
				ASSETCATALOG_COMPILER_LAUNCHIMAGE_NAME = LaunchImage;
				CODE_SIGN_IDENTITY = "iPhone Distribution";
				CODE_SIGN_STYLE = Manual;
				CURRENT_PROJECT_VERSION = 3;
				DEBUG_INFORMATION_FORMAT = "dwarf-with-dsym";
				DEVELOPMENT_TEAM = S2A23S7R4S;
				ENABLE_BITCODE = NO;
				FRAMEWORK_SEARCH_PATHS = (
					"$(inherited)",
					"$(PROJECT_DIR)",
				);
				INFOPLIST_FILE = FoodScan/Info.plist;
				IPHONEOS_DEPLOYMENT_TARGET = 11.0;
				LD_RUNPATH_SEARCH_PATHS = (
					"$(inherited)",
					"@executable_path/Frameworks",
				);
				LIBRARY_SEARCH_PATHS = "$(inherited)";
				MARKETING_VERSION = 1.6;
				OTHER_LDFLAGS = (
					"$(inherited)",
					"-ObjC",
					"-l\"z\"",
					"-framework",
					"\"Alamofire\"",
					"-framework",
					"\"IQKeyboardManagerSwift\"",
					"-framework",
					"\"MarqueeLabel\"",
					"-framework",
					"\"NotificationBannerSwift\"",
					"-framework",
					"\"SDWebImage\"",
					"-framework",
					"\"SnapKit\"",
					"-framework",
					"\"SwiftyJSON\"",
					"-lstdc++",
				);
				OTHER_SWIFT_FLAGS = "$(inherited)";
				PRODUCT_BUNDLE_IDENTIFIER = healthyfood.lifyzer;
				PRODUCT_NAME = "$(TARGET_NAME)";
				PROVISIONING_PROFILE_SPECIFIER = Lifyzer_Dist_Profile;
				SWIFT_ACTIVE_COMPILATION_CONDITIONS = "";
				SWIFT_OBJC_BRIDGING_HEADER = "FoodScan/Model/CustomClasses/FBEncrypt/Foodscan-Bridging-Header.h";
				SWIFT_VERSION = 4.2;
				TARGETED_DEVICE_FAMILY = 1;
			};
			name = Release;
		};
		00F49D71220C059E0053829D /* Debug */ = {
			isa = XCBuildConfiguration;
			baseConfigurationReference = 8C41EFA061DC36EAE37B6AA8 /* Pods-FoodScanTests.debug.xcconfig */;
			buildSettings = {
				ALWAYS_EMBED_SWIFT_STANDARD_LIBRARIES = YES;
				BUNDLE_LOADER = "$(TEST_HOST)";
				CODE_SIGN_IDENTITY = "iPhone Developer";
				CODE_SIGN_STYLE = Manual;
				DEVELOPMENT_TEAM = 6MWGWF2CQ2;
				INFOPLIST_FILE = FoodScanTests/Info.plist;
				LD_RUNPATH_SEARCH_PATHS = (
					"$(inherited)",
					"@executable_path/Frameworks",
					"@loader_path/Frameworks",
				);
				PRODUCT_BUNDLE_IDENTIFIER = com.app.FoodScanTests;
				PRODUCT_NAME = "$(TARGET_NAME)";
				PROVISIONING_PROFILE_SPECIFIER = "";
				"PROVISIONING_PROFILE_SPECIFIER[sdk=macosx*]" = "";
				SWIFT_VERSION = 4.2;
				TARGETED_DEVICE_FAMILY = "1,2";
				TEST_HOST = "$(BUILT_PRODUCTS_DIR)/FoodScan.app/FoodScan";
			};
			name = Debug;
		};
		00F49D72220C059E0053829D /* Release */ = {
			isa = XCBuildConfiguration;
			baseConfigurationReference = 26790217F0ED89AE686C1045 /* Pods-FoodScanTests.release.xcconfig */;
			buildSettings = {
				ALWAYS_EMBED_SWIFT_STANDARD_LIBRARIES = YES;
				BUNDLE_LOADER = "$(TEST_HOST)";
				CODE_SIGN_STYLE = Automatic;
				INFOPLIST_FILE = FoodScanTests/Info.plist;
				LD_RUNPATH_SEARCH_PATHS = (
					"$(inherited)",
					"@executable_path/Frameworks",
					"@loader_path/Frameworks",
				);
				PRODUCT_BUNDLE_IDENTIFIER = com.app.FoodScanTests;
				PRODUCT_NAME = "$(TARGET_NAME)";
				SWIFT_VERSION = 4.2;
				TARGETED_DEVICE_FAMILY = "1,2";
				TEST_HOST = "$(BUILT_PRODUCTS_DIR)/FoodScan.app/FoodScan";
			};
			name = Release;
		};
		00F49D74220C059E0053829D /* Debug */ = {
			isa = XCBuildConfiguration;
			baseConfigurationReference = 0E036C6BCE594D37132A6222 /* Pods-FoodScanUITests.debug.xcconfig */;
			buildSettings = {
				ALWAYS_EMBED_SWIFT_STANDARD_LIBRARIES = YES;
				CODE_SIGN_STYLE = Manual;
				DEVELOPMENT_TEAM = "";
				INFOPLIST_FILE = FoodScanUITests/Info.plist;
				LD_RUNPATH_SEARCH_PATHS = (
					"$(inherited)",
					"@executable_path/Frameworks",
					"@loader_path/Frameworks",
				);
				PRODUCT_BUNDLE_IDENTIFIER = com.app.FoodScanUITests;
				PRODUCT_NAME = "$(TARGET_NAME)";
				PROVISIONING_PROFILE_SPECIFIER = "";
				"PROVISIONING_PROFILE_SPECIFIER[sdk=macosx*]" = "";
				SWIFT_VERSION = 4.2;
				TARGETED_DEVICE_FAMILY = "1,2";
				TEST_TARGET_NAME = FoodScan;
			};
			name = Debug;
		};
		00F49D75220C059E0053829D /* Release */ = {
			isa = XCBuildConfiguration;
			baseConfigurationReference = FEB9054D3055F0ACDA42DC9F /* Pods-FoodScanUITests.release.xcconfig */;
			buildSettings = {
				ALWAYS_EMBED_SWIFT_STANDARD_LIBRARIES = YES;
				CODE_SIGN_STYLE = Automatic;
				INFOPLIST_FILE = FoodScanUITests/Info.plist;
				LD_RUNPATH_SEARCH_PATHS = (
					"$(inherited)",
					"@executable_path/Frameworks",
					"@loader_path/Frameworks",
				);
				PRODUCT_BUNDLE_IDENTIFIER = com.app.FoodScanUITests;
				PRODUCT_NAME = "$(TARGET_NAME)";
				SWIFT_VERSION = 4.2;
				TARGETED_DEVICE_FAMILY = "1,2";
				TEST_TARGET_NAME = FoodScan;
			};
			name = Release;
		};
/* End XCBuildConfiguration section */

/* Begin XCConfigurationList section */
		00F49D3D220C05960053829D /* Build configuration list for PBXProject "FoodScan" */ = {
			isa = XCConfigurationList;
			buildConfigurations = (
				00F49D6B220C059E0053829D /* Debug */,
				00F49D6C220C059E0053829D /* Release */,
			);
			defaultConfigurationIsVisible = 0;
			defaultConfigurationName = Release;
		};
		00F49D6D220C059E0053829D /* Build configuration list for PBXNativeTarget "FoodScan" */ = {
			isa = XCConfigurationList;
			buildConfigurations = (
				00F49D6E220C059E0053829D /* Debug */,
				00F49D6F220C059E0053829D /* Release */,
			);
			defaultConfigurationIsVisible = 0;
			defaultConfigurationName = Release;
		};
		00F49D70220C059E0053829D /* Build configuration list for PBXNativeTarget "FoodScanTests" */ = {
			isa = XCConfigurationList;
			buildConfigurations = (
				00F49D71220C059E0053829D /* Debug */,
				00F49D72220C059E0053829D /* Release */,
			);
			defaultConfigurationIsVisible = 0;
			defaultConfigurationName = Release;
		};
		00F49D73220C059E0053829D /* Build configuration list for PBXNativeTarget "FoodScanUITests" */ = {
			isa = XCConfigurationList;
			buildConfigurations = (
				00F49D74220C059E0053829D /* Debug */,
				00F49D75220C059E0053829D /* Release */,
			);
			defaultConfigurationIsVisible = 0;
			defaultConfigurationName = Release;
		};
/* End XCConfigurationList section */

/* Begin XCVersionGroup section */
		00F49D4C220C05960053829D /* FoodScan.xcdatamodeld */ = {
			isa = XCVersionGroup;
			children = (
				00F49D4D220C05960053829D /* FoodScan.xcdatamodel */,
			);
			currentVersion = 00F49D4D220C05960053829D /* FoodScan.xcdatamodel */;
			path = FoodScan.xcdatamodeld;
			sourceTree = "<group>";
			versionGroupType = wrapper.xcdatamodel;
		};
/* End XCVersionGroup section */
	};
	rootObject = 00F49D3A220C05960053829D /* Project object */;
}
